<?xml version="1.0" encoding="utf-8"?>
<Project ToolsVersion="4.0" xmlns="http://schemas.microsoft.com/developer/msbuild/2003">
  <ItemGroup>
    <Filter Include="リソース ファイル">
      <UniqueIdentifier>{67DA6AB6-F800-4c08-8B7A-83BB121AAD01}</UniqueIdentifier>
      <Extensions>rc;ico;cur;bmp;dlg;rc2;rct;bin;rgs;gif;jpg;jpeg;jpe;resx;tiff;tif;png;wav;mfcribbon-ms</Extensions>
    </Filter>
    <Filter Include="01Engine">
      <UniqueIdentifier>{e5fccdcb-f299-4448-bdb6-01fa28039576}</UniqueIdentifier>
    </Filter>
    <Filter Include="01Engine\Collider">
      <UniqueIdentifier>{7f19ecfb-5d70-4d31-a1f7-c9dd14bad324}</UniqueIdentifier>
    </Filter>
    <Filter Include="01Engine\DirectX">
      <UniqueIdentifier>{e56f8c9a-95a5-4ceb-b65f-5b8e572d087b}</UniqueIdentifier>
    </Filter>
    <Filter Include="01Engine\GameObject">
      <UniqueIdentifier>{b450e438-c939-4b05-b319-0e3c0b4a335c}</UniqueIdentifier>
    </Filter>
    <Filter Include="01Engine\ResourceManager">
      <UniqueIdentifier>{bedee914-5063-4c08-95bb-79c861b4969c}</UniqueIdentifier>
    </Filter>
    <Filter Include="02Shader">
      <UniqueIdentifier>{47a6a3f5-8cfd-436b-8d58-beccd108f3f3}</UniqueIdentifier>
      <Extensions>hlsl</Extensions>
    </Filter>
    <Filter Include="Enemy">
      <UniqueIdentifier>{137c3fe3-be66-4711-b3d9-b01883705420}</UniqueIdentifier>
    </Filter>
    <Filter Include="Gimmick">
      <UniqueIdentifier>{136fbc31-bd9d-4eba-a28c-2d3b312b009a}</UniqueIdentifier>
    </Filter>
    <Filter Include="Block">
      <UniqueIdentifier>{2c753b1d-1a10-4ab1-91c1-dd4472742a6a}</UniqueIdentifier>
    </Filter>
    <Filter Include="Mob">
      <UniqueIdentifier>{ee4dea8f-7656-44cf-89ff-40befbc9e769}</UniqueIdentifier>
    </Filter>
    <Filter Include="Scene">
      <UniqueIdentifier>{e80c0e4a-fc29-4d0c-9d94-60778d53ed8b}</UniqueIdentifier>
    </Filter>
    <Filter Include="Scene\HomeScene">
      <UniqueIdentifier>{48a2f283-5f60-40ab-af4c-978a0e097a11}</UniqueIdentifier>
    </Filter>
    <Filter Include="Scene\TitleScene">
      <UniqueIdentifier>{25e5cecf-180a-4361-a8db-a2e9b5e47da2}</UniqueIdentifier>
    </Filter>
    <Filter Include="Scene\TutorialScene">
      <UniqueIdentifier>{eda1172f-de02-4acc-9a1b-78ecad21b888}</UniqueIdentifier>
    </Filter>
    <Filter Include="Scene\StageSelectScene">
      <UniqueIdentifier>{ec2d0605-0498-4ffa-afcf-413214b95477}</UniqueIdentifier>
    </Filter>
    <Filter Include="Scene\WorldScene">
      <UniqueIdentifier>{a3c5faee-ef35-424b-91cb-d5e5369fe5c4}</UniqueIdentifier>
    </Filter>
    <Filter Include="Scene\WorldScene\World1">
      <UniqueIdentifier>{04ab4cfe-cbb3-484a-aa6e-131368a3eb3b}</UniqueIdentifier>
    </Filter>
    <Filter Include="Gimmick\ShineLight">
      <UniqueIdentifier>{ee67864d-2400-4a28-915d-1ad0b18a30c9}</UniqueIdentifier>
    </Filter>
    <Filter Include="OtherObject">
      <UniqueIdentifier>{dec0e661-14fe-4bc7-8710-ffbbbe76cb34}</UniqueIdentifier>
    </Filter>
    <Filter Include="Scene\WorldScene\World2">
      <UniqueIdentifier>{82798122-ebdb-4e20-a83f-96b7cf9a11a3}</UniqueIdentifier>
    </Filter>
    <Filter Include="Scene\WorldScene\World3">
      <UniqueIdentifier>{0c1ebeb2-b447-4ddb-a90e-f157184616af}</UniqueIdentifier>
    </Filter>
    <Filter Include="OtherObject\TitleScene">
      <UniqueIdentifier>{9e168d0a-a0b8-44a6-b736-50cc28b7a814}</UniqueIdentifier>
    </Filter>
    <Filter Include="Scene\UserSelectScene">
      <UniqueIdentifier>{354a32ad-cf9a-4fb2-a9b2-a449529ce72d}</UniqueIdentifier>
    </Filter>
    <Filter Include="OtherObject\UserSelectScene">
      <UniqueIdentifier>{9d120ce6-4ef1-4812-b47a-56412bf7c506}</UniqueIdentifier>
    </Filter>
    <Filter Include="State">
      <UniqueIdentifier>{db03e537-9588-4bd2-934a-bdc36a3688fd}</UniqueIdentifier>
    </Filter>
    <Filter Include="State\PlayerState">
      <UniqueIdentifier>{9874ba9e-8f90-43b6-9fba-ea216b4ebf29}</UniqueIdentifier>
    </Filter>
    <Filter Include="State\EnemyState">
      <UniqueIdentifier>{5e7d2d67-2e6f-4cec-9ed2-e724df890f5c}</UniqueIdentifier>
    </Filter>
    <Filter Include="Manager">
      <UniqueIdentifier>{6b10e8db-1776-42ff-95c2-8edfa613fd27}</UniqueIdentifier>
    </Filter>
    <Filter Include="Manager\CoinManager">
      <UniqueIdentifier>{a2be3fdd-7aaf-4cc6-bcd8-ebfdc5c9efb3}</UniqueIdentifier>
    </Filter>
    <Filter Include="Manager\LifeManager">
      <UniqueIdentifier>{ad51674f-f85d-43cd-996e-b655013eb01e}</UniqueIdentifier>
    </Filter>
    <Filter Include="Manager\GameManager">
      <UniqueIdentifier>{8583a749-51f2-489a-96af-19bf1d6d24ea}</UniqueIdentifier>
    </Filter>
    <Filter Include="Manager\EffectManager">
      <UniqueIdentifier>{b9c71369-bd9b-4f58-b221-baf7a0937d57}</UniqueIdentifier>
    </Filter>
    <Filter Include="Manager\EffectManager\EnemyEffectManager">
      <UniqueIdentifier>{65bc9429-e4be-4a1d-ac52-cad80f5dd01a}</UniqueIdentifier>
    </Filter>
    <Filter Include="Manager\EffectManager\PlayerEffectManager">
      <UniqueIdentifier>{79ad72df-02e3-4cc0-8775-df2bc035d15e}</UniqueIdentifier>
    </Filter>
    <Filter Include="Manager\TextManager">
      <UniqueIdentifier>{ed98f91a-cab0-404b-91ad-920f8a90ec45}</UniqueIdentifier>
    </Filter>
    <Filter Include="MiniGame">
      <UniqueIdentifier>{3690bc57-37d4-4132-9b5b-cd0bf574c0ef}</UniqueIdentifier>
    </Filter>
    <Filter Include="Manager\MiniGameManager">
      <UniqueIdentifier>{99bbaec0-7f01-4f78-9e7d-3a2b17bd30a2}</UniqueIdentifier>
    </Filter>
    <Filter Include="Scene\MiniGameScene">
      <UniqueIdentifier>{6ce2ace6-5472-4dc7-8248-168e66225e68}</UniqueIdentifier>
    </Filter>
    <Filter Include="Gimmick\MiniGame">
      <UniqueIdentifier>{7d42e6e5-4b07-4233-81f6-1a1f3b903f15}</UniqueIdentifier>
    </Filter>
    <Filter Include="01Engine\Component">
      <UniqueIdentifier>{60a46503-7ad4-4aaa-b264-2cc92897415d}</UniqueIdentifier>
    </Filter>
    <Filter Include="Manager\EffectManager\CoinEffectManager">
      <UniqueIdentifier>{41463354-fe23-48db-aa62-15f520d86e9d}</UniqueIdentifier>
    </Filter>
    <Filter Include="Player">
      <UniqueIdentifier>{89090ed2-8aa7-4ec0-9f80-7ed4a65209e3}</UniqueIdentifier>
    </Filter>
    <Filter Include="Enemy\MiniGame">
      <UniqueIdentifier>{af62e41e-5228-493e-8173-c95ba15a4867}</UniqueIdentifier>
    </Filter>
    <Filter Include="Scene\MiniGameLevelSelectScene">
      <UniqueIdentifier>{80f97b70-1b39-4398-b088-9bf13a027f2a}</UniqueIdentifier>
    </Filter>
    <Filter Include="UI">
      <UniqueIdentifier>{887d2425-9618-47fc-989a-e9ebf63ab793}</UniqueIdentifier>
    </Filter>
    <Filter Include="UI\UserSelectScene">
      <UniqueIdentifier>{5a235588-b277-4310-81e9-26663fe153e7}</UniqueIdentifier>
    </Filter>
    <Filter Include="UI\Button">
      <UniqueIdentifier>{dcca13bc-54e4-4d52-a370-8c155f72c006}</UniqueIdentifier>
    </Filter>
    <Filter Include="Manager\ButtonManager">
      <UniqueIdentifier>{68d15143-05e0-468a-953d-470ec87186c9}</UniqueIdentifier>
    </Filter>
    <Filter Include="UI\UserSelectScene\Button">
      <UniqueIdentifier>{a155cdc6-3d90-496d-a7f9-f6de8676487b}</UniqueIdentifier>
    </Filter>
    <Filter Include="UI\UserSelectScene\Button\Icon">
      <UniqueIdentifier>{73972f73-20ca-43df-acb0-98620db191fc}</UniqueIdentifier>
    </Filter>
    <Filter Include="UI\UserSelectScene\Button\NewFille">
      <UniqueIdentifier>{7b7c2f1f-c164-4c9f-8824-e8245507ebfb}</UniqueIdentifier>
    </Filter>
    <Filter Include="UI\UserSelectScene\Button\UserGameStart">
      <UniqueIdentifier>{ef785256-b443-4ae9-97b4-fd29ab4f7bdd}</UniqueIdentifier>
    </Filter>
    <Filter Include="Enemy\Boss">
      <UniqueIdentifier>{95594706-d5ee-44f4-b109-3885e298ffbb}</UniqueIdentifier>
    </Filter>
    <Filter Include="Manager\SceneManager">
      <UniqueIdentifier>{a97a4ee7-75bf-4a90-9b97-4055066ae6c8}</UniqueIdentifier>
    </Filter>
    <Filter Include="01Engine\GUI">
      <UniqueIdentifier>{840e904c-8cdd-4d5e-b370-de84ed34ce73}</UniqueIdentifier>
    </Filter>
    <Filter Include="01Engine\GUI\Imgui">
      <UniqueIdentifier>{b4eebd63-af6e-4cdf-a7cb-2bf58955341b}</UniqueIdentifier>
    </Filter>
    <Filter Include="Gimmick\Movie">
      <UniqueIdentifier>{604df9f3-33bd-44ef-9525-768b11221efb}</UniqueIdentifier>
    </Filter>
    <Filter Include="Scene\EndRolesScene">
      <UniqueIdentifier>{a259c917-0860-4586-97e2-8e9d61a6d223}</UniqueIdentifier>
    </Filter>
    <Filter Include="UI\EndRolesScene">
      <UniqueIdentifier>{a526f2be-f493-4a6c-9b04-cdb4b115067f}</UniqueIdentifier>
    </Filter>
    <Filter Include="Scene\LastScene">
      <UniqueIdentifier>{ed9f92c8-9a39-4cee-b8b0-28b525c2575a}</UniqueIdentifier>
    </Filter>
    <Filter Include="OtherObject\LastScene">
      <UniqueIdentifier>{4deca65e-accb-4141-bd9b-f3ad09dc8816}</UniqueIdentifier>
    </Filter>
    <Filter Include="Manager\EffectManager\OtherEffectManager">
      <UniqueIdentifier>{356979c4-460a-4bb6-a333-00e3ad562927}</UniqueIdentifier>
    </Filter>
    <Filter Include="UI\WorldScene">
      <UniqueIdentifier>{945957d0-b91a-4cd6-97ba-0c2bd4cd0ed6}</UniqueIdentifier>
    </Filter>
    <Filter Include="UI\WorldScene\World2">
      <UniqueIdentifier>{521dd27c-13dd-4c07-b50e-1dc8c91c2747}</UniqueIdentifier>
    </Filter>
    <Filter Include="UI\TitleScene">
      <UniqueIdentifier>{1f413815-1bfc-44c5-8ba5-65fddb479684}</UniqueIdentifier>
    </Filter>
    <Filter Include="UI\TitleScene\Button">
      <UniqueIdentifier>{e61e0ad7-2c82-44a8-8b1f-1f49ce45ae59}</UniqueIdentifier>
    </Filter>
    <Filter Include="OtherObject\StageSelectScene">
      <UniqueIdentifier>{9e04049a-13e9-40af-8c42-b2f2d4f8131b}</UniqueIdentifier>
    </Filter>
    <Filter Include="UI\StageSelectScene">
      <UniqueIdentifier>{c306d48b-4fb8-434c-9564-c4c3381179de}</UniqueIdentifier>
    </Filter>
    <Filter Include="UI\Pause">
      <UniqueIdentifier>{5068b4a2-8259-4b3d-998b-5f73ab2167c7}</UniqueIdentifier>
    </Filter>
    <Filter Include="UI\Pause\Button">
      <UniqueIdentifier>{42586588-6a13-4904-8bf4-58c201c2c803}</UniqueIdentifier>
    </Filter>
    <Filter Include="UI\Pause\Button\Save">
      <UniqueIdentifier>{439d7ffc-656a-45a4-aa59-41d8a47fe8b7}</UniqueIdentifier>
    </Filter>
    <Filter Include="UI\Pause\Button\Operation">
      <UniqueIdentifier>{f487ea33-00c6-4596-9375-b84f8ab67ccc}</UniqueIdentifier>
    </Filter>
    <Filter Include="UI\Pause\Button\BackTitle">
      <UniqueIdentifier>{461bc9db-4b49-464d-a60b-a7750bff99eb}</UniqueIdentifier>
    </Filter>
    <Filter Include="UI\Pause\Button\Back">
      <UniqueIdentifier>{ca5a2787-1033-4367-b099-52c4f7910c98}</UniqueIdentifier>
    </Filter>
    <Filter Include="Manager\AudioManager">
      <UniqueIdentifier>{0ebec7e7-24d4-4e48-9492-583aa43fd168}</UniqueIdentifier>
    </Filter>
    <Filter Include="Manager\AudioManager\CoinAudioManager">
      <UniqueIdentifier>{68063ee3-1339-4a74-99ff-a187217cae06}</UniqueIdentifier>
    </Filter>
    <Filter Include="Manager\AudioManager\PlayerAudioManager">
      <UniqueIdentifier>{88d1325a-7448-4d4f-925b-c334b86ee739}</UniqueIdentifier>
    </Filter>
    <Filter Include="Manager\AudioManager\OtherAudioManager">
      <UniqueIdentifier>{1ecb8ccf-2e8b-4d52-a19d-838cf5a73d41}</UniqueIdentifier>
    </Filter>
  </ItemGroup>
  <ItemGroup>
    <ClCompile Include="Engine\Main.cpp">
      <Filter>01Engine</Filter>
    </ClCompile>
    <ClCompile Include="Enemy\Enemy.cpp">
      <Filter>Enemy</Filter>
    </ClCompile>
    <ClCompile Include="Gimmick\Coin.cpp">
      <Filter>Gimmick</Filter>
    </ClCompile>
    <ClCompile Include="Gimmick\Warp.cpp">
      <Filter>Gimmick</Filter>
    </ClCompile>
    <ClCompile Include="Block\ItemBlock.cpp">
      <Filter>Block</Filter>
    </ClCompile>
    <ClCompile Include="Enemy\DropEnemy.cpp">
      <Filter>Enemy</Filter>
    </ClCompile>
    <ClCompile Include="Enemy\PigEnemy.cpp">
      <Filter>Enemy</Filter>
    </ClCompile>
    <ClCompile Include="Block\Block.cpp">
      <Filter>Block</Filter>
    </ClCompile>
    <ClCompile Include="Block\NormalBlock.cpp">
      <Filter>Block</Filter>
    </ClCompile>
    <ClCompile Include="Block\BrickBlock.cpp">
      <Filter>Block</Filter>
    </ClCompile>
    <ClCompile Include="Block\TransparentBlock.cpp">
      <Filter>Block</Filter>
    </ClCompile>
    <ClCompile Include="Mob\MainMob.cpp">
      <Filter>Mob</Filter>
    </ClCompile>
    <ClCompile Include="Gimmick\Signboard.cpp">
      <Filter>Gimmick</Filter>
    </ClCompile>
    <ClCompile Include="Stage.cpp" />
    <ClCompile Include="Scene\HomeScene\HomeScene.cpp">
      <Filter>Scene\HomeScene</Filter>
    </ClCompile>
    <ClCompile Include="Scene\HomeScene\HomeStage.cpp">
      <Filter>Scene\HomeScene</Filter>
    </ClCompile>
    <ClCompile Include="Scene\TitleScene\TitleScene.cpp">
      <Filter>Scene\TitleScene</Filter>
    </ClCompile>
    <ClCompile Include="Scene\TutorialScene\TutorialScene1.cpp">
      <Filter>Scene\TutorialScene</Filter>
    </ClCompile>
    <ClCompile Include="Scene\TutorialScene\TutorialScene2.cpp">
      <Filter>Scene\TutorialScene</Filter>
    </ClCompile>
    <ClCompile Include="Scene\TutorialScene\TutorialStage1.cpp">
      <Filter>Scene\TutorialScene</Filter>
    </ClCompile>
    <ClCompile Include="Scene\TutorialScene\TutorialStage2.cpp">
      <Filter>Scene\TutorialScene</Filter>
    </ClCompile>
    <ClCompile Include="Scene\StageSelectScene\StageSelectScene.cpp">
      <Filter>Scene\StageSelectScene</Filter>
    </ClCompile>
    <ClCompile Include="Scene\WorldScene\World1\WorldScene1.cpp">
      <Filter>Scene\WorldScene\World1</Filter>
    </ClCompile>
    <ClCompile Include="Scene\WorldScene\World1\WorldStage1.cpp">
      <Filter>Scene\WorldScene\World1</Filter>
    </ClCompile>
    <ClCompile Include="Gimmick\MoveFloor.cpp">
      <Filter>Gimmick</Filter>
    </ClCompile>
    <ClCompile Include="Gimmick\ShineLightController.cpp">
      <Filter>Gimmick\ShineLight</Filter>
    </ClCompile>
    <ClCompile Include="Gimmick\ShineLight.cpp">
      <Filter>Gimmick\ShineLight</Filter>
    </ClCompile>
    <ClCompile Include="Enemy\BulletPigEnemy.cpp">
      <Filter>Enemy</Filter>
    </ClCompile>
    <ClCompile Include="Gimmick\Bullet.cpp">
      <Filter>Gimmick</Filter>
    </ClCompile>
    <ClCompile Include="OtherObject\TitleModel.cpp">
      <Filter>OtherObject\TitleScene</Filter>
    </ClCompile>
    <ClCompile Include="OtherObject\TitleModelPlayer.cpp">
      <Filter>OtherObject\TitleScene</Filter>
    </ClCompile>
    <ClCompile Include="OtherObject\TitleModelPrincess.cpp">
      <Filter>OtherObject\TitleScene</Filter>
    </ClCompile>
    <ClCompile Include="OtherObject\TitleComplexModel.cpp">
      <Filter>OtherObject\TitleScene</Filter>
    </ClCompile>
    <ClCompile Include="Scene\UserSelectScene\UserSelectScene.cpp">
      <Filter>Scene\UserSelectScene</Filter>
    </ClCompile>
    <ClCompile Include="OtherObject\UserPlanetBase.cpp">
      <Filter>OtherObject\UserSelectScene</Filter>
    </ClCompile>
    <ClCompile Include="OtherObject\UserInfomation.cpp">
      <Filter>OtherObject\UserSelectScene</Filter>
    </ClCompile>
    <ClCompile Include="OtherObject\UserPlanet1.cpp">
      <Filter>OtherObject\UserSelectScene</Filter>
    </ClCompile>
    <ClCompile Include="OtherObject\UserPlanet2.cpp">
      <Filter>OtherObject\UserSelectScene</Filter>
    </ClCompile>
    <ClCompile Include="OtherObject\UserPlanet3.cpp">
      <Filter>OtherObject\UserSelectScene</Filter>
    </ClCompile>
    <ClCompile Include="OtherObject\SelectPlanetController.cpp">
      <Filter>OtherObject\UserSelectScene</Filter>
    </ClCompile>
    <ClCompile Include="State\PlayerState\JumpingState.cpp">
      <Filter>State\PlayerState</Filter>
    </ClCompile>
    <ClCompile Include="State\PlayerState\JumpRotationningState.cpp">
      <Filter>State\PlayerState</Filter>
    </ClCompile>
    <ClCompile Include="State\PlayerState\PlayerStateManager.cpp">
      <Filter>State\PlayerState</Filter>
    </ClCompile>
    <ClCompile Include="State\PlayerState\RotationningState.cpp">
      <Filter>State\PlayerState</Filter>
    </ClCompile>
    <ClCompile Include="State\PlayerState\RunningState.cpp">
      <Filter>State\PlayerState</Filter>
    </ClCompile>
    <ClCompile Include="State\PlayerState\StandingState.cpp">
      <Filter>State\PlayerState</Filter>
    </ClCompile>
    <ClCompile Include="State\PlayerState\WalkingState.cpp">
      <Filter>State\PlayerState</Filter>
    </ClCompile>
    <ClCompile Include="State\EnemyState\EnemyState.cpp">
      <Filter>State\EnemyState</Filter>
    </ClCompile>
    <ClCompile Include="State\PlayerState\PlayerState.cpp">
      <Filter>State\PlayerState</Filter>
    </ClCompile>
    <ClCompile Include="State\EnemyState\EnemyDieState.cpp">
      <Filter>State\EnemyState</Filter>
    </ClCompile>
    <ClCompile Include="State\EnemyState\EnemyKnockBackState.cpp">
      <Filter>State\EnemyState</Filter>
    </ClCompile>
    <ClCompile Include="State\EnemyState\EnemyMoveState.cpp">
      <Filter>State\EnemyState</Filter>
    </ClCompile>
    <ClCompile Include="State\EnemyState\EnemyRotationState.cpp">
      <Filter>State\EnemyState</Filter>
    </ClCompile>
    <ClCompile Include="State\EnemyState\EnemyWaitState.cpp">
      <Filter>State\EnemyState</Filter>
    </ClCompile>
    <ClCompile Include="Manager\CoinManager\CoinManager.cpp">
      <Filter>Manager\CoinManager</Filter>
    </ClCompile>
    <ClCompile Include="Manager\LifeManager\LifeManager.cpp">
      <Filter>Manager\LifeManager</Filter>
    </ClCompile>
    <ClCompile Include="Manager\GameManager\GameManager.cpp">
      <Filter>Manager\GameManager</Filter>
    </ClCompile>
    <ClCompile Include="Manager\EffectManager\EnemyEffectManager\EnemyEffectManager.cpp">
      <Filter>Manager\EffectManager\EnemyEffectManager</Filter>
    </ClCompile>
    <ClCompile Include="Manager\EffectManager\PlayerEffectManager\PlayerEffectManager.cpp">
      <Filter>Manager\EffectManager\PlayerEffectManager</Filter>
    </ClCompile>
    <ClCompile Include="Manager\TextManager\TextManager.cpp">
      <Filter>Manager\TextManager</Filter>
    </ClCompile>
    <ClCompile Include="Mob\TalkMainMob.cpp">
      <Filter>Mob</Filter>
    </ClCompile>
    <ClCompile Include="Manager\MiniGameManager\MiniGameManager.cpp">
      <Filter>Manager\MiniGameManager</Filter>
    </ClCompile>
    <ClCompile Include="MiniGame\Combo.cpp">
      <Filter>MiniGame</Filter>
    </ClCompile>
    <ClCompile Include="MiniGame\MiniGameTime.cpp">
      <Filter>MiniGame</Filter>
    </ClCompile>
    <ClCompile Include="MiniGame\MiniGameSetObject.cpp">
      <Filter>MiniGame</Filter>
    </ClCompile>
    <ClCompile Include="Scene\MiniGameScene\MiniGameScene.cpp">
      <Filter>Scene\MiniGameScene</Filter>
    </ClCompile>
    <ClCompile Include="Scene\MiniGameScene\MiniGameStage.cpp">
      <Filter>Scene\MiniGameScene</Filter>
    </ClCompile>
    <ClCompile Include="Gimmick\Pipe.cpp">
      <Filter>Gimmick\MiniGame</Filter>
    </ClCompile>
    <ClCompile Include="Gimmick\TurnCircle.cpp">
      <Filter>Gimmick\MiniGame</Filter>
    </ClCompile>
    <ClCompile Include="Manager\EffectManager\CoinEffectManager\CoinEffectManager.cpp">
      <Filter>Manager\EffectManager\CoinEffectManager</Filter>
    </ClCompile>
    <ClCompile Include="Player\Player3D.cpp">
      <Filter>Player</Filter>
    </ClCompile>
    <ClCompile Include="Player\Player2D.cpp">
      <Filter>Player</Filter>
    </ClCompile>
    <ClCompile Include="Player\PlayerMiniGame.cpp">
      <Filter>Player</Filter>
    </ClCompile>
    <ClCompile Include="Player\PlayerBase.cpp">
      <Filter>Player</Filter>
    </ClCompile>
    <ClCompile Include="State\PlayerState\DieState.cpp">
      <Filter>State\PlayerState</Filter>
    </ClCompile>
    <ClCompile Include="Gimmick\MiniGameCoin.cpp">
      <Filter>Gimmick\MiniGame</Filter>
    </ClCompile>
    <ClCompile Include="Engine\Component\Posture.cpp">
      <Filter>01Engine\Component</Filter>
    </ClCompile>
    <ClCompile Include="Enemy\MiniGamePigEnemy.cpp">
      <Filter>Enemy\MiniGame</Filter>
    </ClCompile>
    <ClCompile Include="Scene\MiniGameLevelSelectScene\MiniGameLevelSelectScene.cpp">
      <Filter>Scene\MiniGameLevelSelectScene</Filter>
    </ClCompile>
    <ClCompile Include="Scene\MiniGameLevelSelectScene\MiniGameLevelSelectStage.cpp">
      <Filter>Scene\MiniGameLevelSelectScene</Filter>
    </ClCompile>
    <ClCompile Include="Scene\UserSelectScene\UserSelectStage.cpp">
      <Filter>Scene\UserSelectScene</Filter>
    </ClCompile>
    <ClCompile Include="UI\ImageBase.cpp">
      <Filter>UI</Filter>
    </ClCompile>
    <ClCompile Include="UI\ScalingImage.cpp">
      <Filter>UI</Filter>
    </ClCompile>
    <ClCompile Include="UI\TalkImage.cpp">
      <Filter>UI</Filter>
    </ClCompile>
    <ClCompile Include="UI\Button\ButtonBase.cpp">
      <Filter>UI\Button</Filter>
    </ClCompile>
    <ClCompile Include="Manager\ButtonManager\ButtonManager.cpp">
      <Filter>Manager\ButtonManager</Filter>
    </ClCompile>
    <ClCompile Include="Engine\Component\EasingMove.cpp">
      <Filter>01Engine\Component</Filter>
    </ClCompile>
    <ClCompile Include="UI\UserSelectScene\UserSelectSceneUI.cpp">
      <Filter>UI\UserSelectScene</Filter>
    </ClCompile>
    <ClCompile Include="UI\TitleScene\TitleStartImage.cpp">
      <Filter>UI\TitleScene</Filter>
    </ClCompile>
    <ClCompile Include="UI\UserSelectScene\IconSelectUI.cpp">
      <Filter>UI\UserSelectScene</Filter>
    </ClCompile>
    <ClCompile Include="UI\UserSelectScene\NewFileUI.cpp">
      <Filter>UI\UserSelectScene</Filter>
    </ClCompile>
    <ClCompile Include="UI\UserSelectScene\Button\DropIconButton.cpp">
      <Filter>UI\UserSelectScene\Button\Icon</Filter>
    </ClCompile>
    <ClCompile Include="UI\UserSelectScene\Button\MainCharIconButton.cpp">
      <Filter>UI\UserSelectScene\Button\Icon</Filter>
    </ClCompile>
    <ClCompile Include="UI\UserSelectScene\Button\MobIconButton.cpp">
      <Filter>UI\UserSelectScene\Button\Icon</Filter>
    </ClCompile>
    <ClCompile Include="UI\UserSelectScene\Button\PigIconButton.cpp">
      <Filter>UI\UserSelectScene\Button\Icon</Filter>
    </ClCompile>
    <ClCompile Include="UI\UserSelectScene\Button\PrincessIconButton.cpp">
      <Filter>UI\UserSelectScene\Button\Icon</Filter>
    </ClCompile>
    <ClCompile Include="UI\UserSelectScene\UserGameStartUI.cpp">
      <Filter>UI\UserSelectScene</Filter>
    </ClCompile>
    <ClCompile Include="UI\UserSelectScene\Button\NewFileCancelButton.cpp">
      <Filter>UI\UserSelectScene\Button\NewFille</Filter>
    </ClCompile>
    <ClCompile Include="UI\UserSelectScene\Button\NewFileOkButton.cpp">
      <Filter>UI\UserSelectScene\Button\NewFille</Filter>
    </ClCompile>
    <ClCompile Include="UI\UserSelectScene\Button\UserGameStartButton.cpp">
      <Filter>UI\UserSelectScene\Button\UserGameStart</Filter>
    </ClCompile>
    <ClCompile Include="UI\UserSelectScene\Button\UserGameCancelButton.cpp">
      <Filter>UI\UserSelectScene\Button\UserGameStart</Filter>
    </ClCompile>
    <ClCompile Include="State\PlayerState\KnockBackState.cpp">
      <Filter>State\PlayerState</Filter>
    </ClCompile>
    <ClCompile Include="Scene\WorldScene\World2\WorldScene2.cpp">
      <Filter>Scene\WorldScene\World2</Filter>
    </ClCompile>
    <ClCompile Include="Scene\WorldScene\World2\WorldStage2.cpp">
      <Filter>Scene\WorldScene\World2</Filter>
    </ClCompile>
    <ClCompile Include="Gimmick\FlyBall.cpp">
      <Filter>Gimmick</Filter>
    </ClCompile>
    <ClCompile Include="Enemy\BossEnemy.cpp">
      <Filter>Enemy\Boss</Filter>
    </ClCompile>
    <ClCompile Include="Player\PlayerMovie.cpp">
      <Filter>Player</Filter>
    </ClCompile>
    <ClCompile Include="Enemy\BossEnemyMovie.cpp">
      <Filter>Enemy\Boss</Filter>
    </ClCompile>
    <ClCompile Include="Manager\SceneManager\SceneManager.cpp">
      <Filter>Manager\SceneManager</Filter>
    </ClCompile>
    <ClCompile Include="Mob\Mob.cpp">
      <Filter>Mob</Filter>
    </ClCompile>
    <ClCompile Include="Engine\Collider\BoxCollider.cpp">
      <Filter>01Engine\Collider</Filter>
    </ClCompile>
    <ClCompile Include="Engine\Collider\Collider.cpp">
      <Filter>01Engine\Collider</Filter>
    </ClCompile>
    <ClCompile Include="Engine\Collider\SphereCollider.cpp">
      <Filter>01Engine\Collider</Filter>
    </ClCompile>
    <ClCompile Include="Engine\DirectX\BillBoard.cpp">
      <Filter>01Engine\DirectX</Filter>
    </ClCompile>
    <ClCompile Include="Engine\DirectX\Direct3D.cpp">
      <Filter>01Engine\DirectX</Filter>
    </ClCompile>
    <ClCompile Include="Engine\DirectX\Fbx.cpp">
      <Filter>01Engine\DirectX</Filter>
    </ClCompile>
    <ClCompile Include="Engine\DirectX\FbxParts.cpp">
      <Filter>01Engine\DirectX</Filter>
    </ClCompile>
    <ClCompile Include="Engine\DirectX\Input.cpp">
      <Filter>01Engine\DirectX</Filter>
    </ClCompile>
    <ClCompile Include="Engine\DirectX\Sprite.cpp">
      <Filter>01Engine\DirectX</Filter>
    </ClCompile>
    <ClCompile Include="Engine\DirectX\Texture.cpp">
      <Filter>01Engine\DirectX</Filter>
    </ClCompile>
    <ClCompile Include="Engine\GameObject\Camera.cpp">
      <Filter>01Engine\GameObject</Filter>
    </ClCompile>
    <ClCompile Include="Engine\GameObject\CameraTransitionObject.cpp">
      <Filter>01Engine\GameObject</Filter>
    </ClCompile>
    <ClCompile Include="Engine\GameObject\GameObject.cpp">
      <Filter>01Engine\GameObject</Filter>
    </ClCompile>
    <ClCompile Include="Engine\GameObject\Light.cpp">
      <Filter>01Engine\GameObject</Filter>
    </ClCompile>
    <ClCompile Include="Engine\GameObject\PolyLine.cpp">
      <Filter>01Engine\GameObject</Filter>
    </ClCompile>
    <ClCompile Include="Engine\GameObject\RootObject.cpp">
      <Filter>01Engine\GameObject</Filter>
    </ClCompile>
    <ClCompile Include="Engine\GameObject\Transform.cpp">
      <Filter>01Engine\GameObject</Filter>
    </ClCompile>
    <ClCompile Include="Engine\GUI\ImGuiSet.cpp">
      <Filter>01Engine\GUI</Filter>
    </ClCompile>
    <ClCompile Include="Engine\ResourceManager\Audio.cpp">
      <Filter>01Engine\ResourceManager</Filter>
    </ClCompile>
    <ClCompile Include="Engine\ResourceManager\CreateStage.cpp">
      <Filter>01Engine\ResourceManager</Filter>
    </ClCompile>
    <ClCompile Include="Engine\ResourceManager\CsvReader.cpp">
      <Filter>01Engine\ResourceManager</Filter>
    </ClCompile>
    <ClCompile Include="Engine\ResourceManager\Easing.cpp">
      <Filter>01Engine\ResourceManager</Filter>
    </ClCompile>
    <ClCompile Include="Engine\ResourceManager\Fade.cpp">
      <Filter>01Engine\ResourceManager</Filter>
    </ClCompile>
    <ClCompile Include="Engine\ResourceManager\Image.cpp">
      <Filter>01Engine\ResourceManager</Filter>
    </ClCompile>
    <ClCompile Include="Engine\ResourceManager\Model.cpp">
      <Filter>01Engine\ResourceManager</Filter>
    </ClCompile>
    <ClCompile Include="Engine\ResourceManager\Sound.cpp">
      <Filter>01Engine\ResourceManager</Filter>
    </ClCompile>
    <ClCompile Include="Engine\ResourceManager\Text.cpp">
      <Filter>01Engine\ResourceManager</Filter>
    </ClCompile>
    <ClCompile Include="Engine\ResourceManager\Time.cpp">
      <Filter>01Engine\ResourceManager</Filter>
    </ClCompile>
    <ClCompile Include="Engine\ResourceManager\VFX.cpp">
      <Filter>01Engine\ResourceManager</Filter>
    </ClCompile>
    <ClCompile Include="Engine\GUI\imgui\imgui.cpp">
      <Filter>01Engine\GUI\Imgui</Filter>
    </ClCompile>
    <ClCompile Include="Engine\GUI\imgui\imgui_draw.cpp">
      <Filter>01Engine\GUI\Imgui</Filter>
    </ClCompile>
    <ClCompile Include="Engine\GUI\imgui\imgui_impl_dx11.cpp">
      <Filter>01Engine\GUI\Imgui</Filter>
    </ClCompile>
    <ClCompile Include="Engine\GUI\imgui\imgui_impl_win32.cpp">
      <Filter>01Engine\GUI\Imgui</Filter>
    </ClCompile>
    <ClCompile Include="Engine\GUI\imgui\imgui_tables.cpp">
      <Filter>01Engine\GUI\Imgui</Filter>
    </ClCompile>
    <ClCompile Include="Engine\GUI\imgui\imgui_widgets.cpp">
      <Filter>01Engine\GUI\Imgui</Filter>
    </ClCompile>
    <ClCompile Include="Gimmick\Movie\MovieCoin.cpp">
      <Filter>Gimmick\Movie</Filter>
    </ClCompile>
    <ClCompile Include="Scene\EndRolesScene\EndRolesScene.cpp">
      <Filter>Scene\EndRolesScene</Filter>
    </ClCompile>
    <ClCompile Include="UI\EndRolesScene\EndRoles.cpp">
      <Filter>UI\EndRolesScene</Filter>
    </ClCompile>
    <ClCompile Include="Scene\LastScene\LastScene.cpp">
      <Filter>Scene\LastScene</Filter>
    </ClCompile>
    <ClCompile Include="Scene\LastScene\LastStage.cpp">
      <Filter>Scene\LastScene</Filter>
    </ClCompile>
    <ClCompile Include="OtherObject\Water.cpp">
      <Filter>OtherObject\LastScene</Filter>
    </ClCompile>
    <ClCompile Include="OtherObject\ShootingStar.cpp">
      <Filter>OtherObject\LastScene</Filter>
    </ClCompile>
    <ClCompile Include="OtherObject\ShootingStarCreate.cpp">
      <Filter>OtherObject\LastScene</Filter>
    </ClCompile>
    <ClCompile Include="Manager\EffectManager\OtherEffectManager\OtherEffectManager.cpp">
      <Filter>Manager\EffectManager\OtherEffectManager</Filter>
    </ClCompile>
    <ClCompile Include="OtherObject\WaterCurrentStick.cpp">
      <Filter>OtherObject\LastScene</Filter>
    </ClCompile>
    <ClCompile Include="Enemy\BossEnemyChild.cpp">
      <Filter>Enemy\Boss</Filter>
    </ClCompile>
    <ClCompile Include="Engine\Component\Gauge.cpp">
      <Filter>01Engine\Component</Filter>
    </ClCompile>
    <ClCompile Include="UI\WorldScene\World2\BossWarningImage.cpp">
      <Filter>UI\WorldScene\World2</Filter>
    </ClCompile>
    <ClCompile Include="Enemy\BossEnemyKill.cpp">
      <Filter>Enemy\Boss</Filter>
    </ClCompile>
    <ClCompile Include="Scene\StageSelectScene\StageSelectStage.cpp">
      <Filter>Scene\StageSelectScene</Filter>
    </ClCompile>
    <ClCompile Include="OtherObject\StageSelectScene\BaseSelectStage.cpp">
      <Filter>OtherObject\StageSelectScene</Filter>
    </ClCompile>
    <ClCompile Include="OtherObject\StageSelectScene\StageModelBase.cpp">
      <Filter>OtherObject\StageSelectScene</Filter>
    </ClCompile>
    <ClCompile Include="OtherObject\StageSelectScene\FourthStageModel.cpp">
      <Filter>OtherObject\StageSelectScene</Filter>
    </ClCompile>
    <ClCompile Include="OtherObject\StageSelectScene\SecondStageModel.cpp">
      <Filter>OtherObject\StageSelectScene</Filter>
    </ClCompile>
    <ClCompile Include="OtherObject\StageSelectScene\ThirdStageModel.cpp">
      <Filter>OtherObject\StageSelectScene</Filter>
    </ClCompile>
    <ClCompile Include="OtherObject\StageSelectScene\FirstStageModel.cpp">
      <Filter>OtherObject\StageSelectScene</Filter>
    </ClCompile>
    <ClCompile Include="UI\StageSelectScene\StageSelectTextUI.cpp">
      <Filter>UI\StageSelectScene</Filter>
    </ClCompile>
    <ClCompile Include="UI\Pause\PauseUI.cpp">
      <Filter>UI\Pause</Filter>
    </ClCompile>
    <ClCompile Include="UI\Pause\Button\BackTitle\PauseBackTitleButton.cpp">
      <Filter>UI\Pause\Button\BackTitle</Filter>
    </ClCompile>
    <ClCompile Include="UI\Pause\Button\Back\PauseBackButton.cpp">
      <Filter>UI\Pause\Button\Back</Filter>
    </ClCompile>
    <ClCompile Include="UI\Pause\Button\Operation\PauseOperationButton.cpp">
      <Filter>UI\Pause\Button\Operation</Filter>
    </ClCompile>
    <ClCompile Include="UI\Pause\Button\Save\PauseSaveButton.cpp">
      <Filter>UI\Pause\Button\Save</Filter>
    </ClCompile>
    <ClCompile Include="Manager\AudioManager\PlayerAudioManager\PlayerAudioManager.cpp">
      <Filter>Manager\AudioManager\PlayerAudioManager</Filter>
    </ClCompile>
    <ClCompile Include="Manager\AudioManager\OtherAudioManager\OtherAudioManager.cpp">
      <Filter>Manager\AudioManager\OtherAudioManager</Filter>
    </ClCompile>
    <ClCompile Include="Manager\AudioManager\CoinAudioManager\CoinAudioManager.cpp">
      <Filter>Manager\AudioManager\CoinAudioManager</Filter>
    </ClCompile>
  </ItemGroup>
  <ItemGroup>
    <ClInclude Include="Enemy\Enemy.h">
      <Filter>Enemy</Filter>
    </ClInclude>
    <ClInclude Include="Gimmick\Coin.h">
      <Filter>Gimmick</Filter>
    </ClInclude>
    <ClInclude Include="Gimmick\Warp.h">
      <Filter>Gimmick</Filter>
    </ClInclude>
    <ClInclude Include="Block\ItemBlock.h">
      <Filter>Block</Filter>
    </ClInclude>
    <ClInclude Include="Enemy\DropEnemy.h">
      <Filter>Enemy</Filter>
    </ClInclude>
    <ClInclude Include="Enemy\PigEnemy.h">
      <Filter>Enemy</Filter>
    </ClInclude>
    <ClInclude Include="Block\Block.h">
      <Filter>Block</Filter>
    </ClInclude>
    <ClInclude Include="Block\NormalBlock.h">
      <Filter>Block</Filter>
    </ClInclude>
    <ClInclude Include="Block\BrickBlock.h">
      <Filter>Block</Filter>
    </ClInclude>
    <ClInclude Include="Block\TransparentBlock.h">
      <Filter>Block</Filter>
    </ClInclude>
    <ClInclude Include="Mob\MainMob.h">
      <Filter>Mob</Filter>
    </ClInclude>
    <ClInclude Include="Gimmick\Signboard.h">
      <Filter>Gimmick</Filter>
    </ClInclude>
    <ClInclude Include="Stage.h" />
    <ClInclude Include="Scene\HomeScene\HomeScene.h">
      <Filter>Scene\HomeScene</Filter>
    </ClInclude>
    <ClInclude Include="Scene\HomeScene\HomeStage.h">
      <Filter>Scene\HomeScene</Filter>
    </ClInclude>
    <ClInclude Include="Scene\TitleScene\TitleScene.h">
      <Filter>Scene\TitleScene</Filter>
    </ClInclude>
    <ClInclude Include="Scene\TutorialScene\TutorialScene1.h">
      <Filter>Scene\TutorialScene</Filter>
    </ClInclude>
    <ClInclude Include="Scene\TutorialScene\TutorialScene2.h">
      <Filter>Scene\TutorialScene</Filter>
    </ClInclude>
    <ClInclude Include="Scene\TutorialScene\TutorialStage1.h">
      <Filter>Scene\TutorialScene</Filter>
    </ClInclude>
    <ClInclude Include="Scene\TutorialScene\TutorialStage2.h">
      <Filter>Scene\TutorialScene</Filter>
    </ClInclude>
    <ClInclude Include="Scene\StageSelectScene\StageSelectScene.h">
      <Filter>Scene\StageSelectScene</Filter>
    </ClInclude>
    <ClInclude Include="Scene\WorldScene\World1\WorldScene1.h">
      <Filter>Scene\WorldScene\World1</Filter>
    </ClInclude>
    <ClInclude Include="Scene\WorldScene\World1\WorldStage1.h">
      <Filter>Scene\WorldScene\World1</Filter>
    </ClInclude>
    <ClInclude Include="Gimmick\MoveFloor.h">
      <Filter>Gimmick</Filter>
    </ClInclude>
    <ClInclude Include="Gimmick\ShineLightController.h">
      <Filter>Gimmick\ShineLight</Filter>
    </ClInclude>
    <ClInclude Include="Gimmick\ShineLight.h">
      <Filter>Gimmick\ShineLight</Filter>
    </ClInclude>
    <ClInclude Include="Enemy\BulletPigEnemy.h">
      <Filter>Enemy</Filter>
    </ClInclude>
    <ClInclude Include="Gimmick\Bullet.h">
      <Filter>Gimmick</Filter>
    </ClInclude>
    <ClInclude Include="OtherObject\TitleModel.h">
      <Filter>OtherObject\TitleScene</Filter>
    </ClInclude>
    <ClInclude Include="OtherObject\TitleModelPlayer.h">
      <Filter>OtherObject\TitleScene</Filter>
    </ClInclude>
    <ClInclude Include="OtherObject\TitleModelPrincess.h">
      <Filter>OtherObject\TitleScene</Filter>
    </ClInclude>
    <ClInclude Include="OtherObject\TitleComplexModel.h">
      <Filter>OtherObject\TitleScene</Filter>
    </ClInclude>
    <ClInclude Include="Scene\UserSelectScene\UserSelectScene.h">
      <Filter>Scene\UserSelectScene</Filter>
    </ClInclude>
    <ClInclude Include="OtherObject\UserPlanetBase.h">
      <Filter>OtherObject\UserSelectScene</Filter>
    </ClInclude>
    <ClInclude Include="OtherObject\UserInfomation.h">
      <Filter>OtherObject\UserSelectScene</Filter>
    </ClInclude>
    <ClInclude Include="OtherObject\UserPlanet1.h">
      <Filter>OtherObject\UserSelectScene</Filter>
    </ClInclude>
    <ClInclude Include="OtherObject\UserPlanet2.h">
      <Filter>OtherObject\UserSelectScene</Filter>
    </ClInclude>
    <ClInclude Include="OtherObject\UserPlanet3.h">
      <Filter>OtherObject\UserSelectScene</Filter>
    </ClInclude>
    <ClInclude Include="OtherObject\SelectPlanetController.h">
      <Filter>OtherObject\UserSelectScene</Filter>
    </ClInclude>
    <ClInclude Include="State\PlayerState\JumpingState.h">
      <Filter>State\PlayerState</Filter>
    </ClInclude>
    <ClInclude Include="State\PlayerState\JumpRotationningState.h">
      <Filter>State\PlayerState</Filter>
    </ClInclude>
    <ClInclude Include="State\PlayerState\PlayerStateManager.h">
      <Filter>State\PlayerState</Filter>
    </ClInclude>
    <ClInclude Include="State\PlayerState\RotationningState.h">
      <Filter>State\PlayerState</Filter>
    </ClInclude>
    <ClInclude Include="State\PlayerState\RunningState.h">
      <Filter>State\PlayerState</Filter>
    </ClInclude>
    <ClInclude Include="State\PlayerState\StandingState.h">
      <Filter>State\PlayerState</Filter>
    </ClInclude>
    <ClInclude Include="State\PlayerState\WalkingState.h">
      <Filter>State\PlayerState</Filter>
    </ClInclude>
    <ClInclude Include="State\EnemyState\EnemyState.h">
      <Filter>State\EnemyState</Filter>
    </ClInclude>
    <ClInclude Include="State\PlayerState\PlayerState.h">
      <Filter>State\PlayerState</Filter>
    </ClInclude>
    <ClInclude Include="State\EnemyState\EnemyDieState.h">
      <Filter>State\EnemyState</Filter>
    </ClInclude>
    <ClInclude Include="State\EnemyState\EnemyKnockBackState.h">
      <Filter>State\EnemyState</Filter>
    </ClInclude>
    <ClInclude Include="State\EnemyState\EnemyMoveState.h">
      <Filter>State\EnemyState</Filter>
    </ClInclude>
    <ClInclude Include="State\EnemyState\EnemyRotationState.h">
      <Filter>State\EnemyState</Filter>
    </ClInclude>
    <ClInclude Include="State\EnemyState\EnemyWaitState.h">
      <Filter>State\EnemyState</Filter>
    </ClInclude>
    <ClInclude Include="Manager\CoinManager\CoinManager.h">
      <Filter>Manager\CoinManager</Filter>
    </ClInclude>
    <ClInclude Include="Manager\LifeManager\LifeManager.h">
      <Filter>Manager\LifeManager</Filter>
    </ClInclude>
    <ClInclude Include="Manager\GameManager\GameManager.h">
      <Filter>Manager\GameManager</Filter>
    </ClInclude>
    <ClInclude Include="Manager\EffectManager\EnemyEffectManager\EnemyEffectManager.h">
      <Filter>Manager\EffectManager\EnemyEffectManager</Filter>
    </ClInclude>
    <ClInclude Include="Manager\EffectManager\PlayerEffectManager\PlayerEffectManager.h">
      <Filter>Manager\EffectManager\PlayerEffectManager</Filter>
    </ClInclude>
    <ClInclude Include="Manager\TextManager\TextManager.h">
      <Filter>Manager\TextManager</Filter>
    </ClInclude>
    <ClInclude Include="Mob\TalkMainMob.h">
      <Filter>Mob</Filter>
    </ClInclude>
    <ClInclude Include="Manager\MiniGameManager\MiniGameManager.h">
      <Filter>Manager\MiniGameManager</Filter>
    </ClInclude>
    <ClInclude Include="MiniGame\Combo.h">
      <Filter>MiniGame</Filter>
    </ClInclude>
    <ClInclude Include="MiniGame\MiniGameTime.h">
      <Filter>MiniGame</Filter>
    </ClInclude>
    <ClInclude Include="MiniGame\MiniGameSetObject.h">
      <Filter>MiniGame</Filter>
    </ClInclude>
    <ClInclude Include="Scene\MiniGameScene\MiniGameScene.h">
      <Filter>Scene\MiniGameScene</Filter>
    </ClInclude>
    <ClInclude Include="Scene\MiniGameScene\MiniGameStage.h">
      <Filter>Scene\MiniGameScene</Filter>
    </ClInclude>
    <ClInclude Include="Gimmick\Pipe.h">
      <Filter>Gimmick\MiniGame</Filter>
    </ClInclude>
    <ClInclude Include="Gimmick\TurnCircle.h">
      <Filter>Gimmick\MiniGame</Filter>
    </ClInclude>
    <ClInclude Include="Manager\EffectManager\CoinEffectManager\CoinEffectManager.h">
      <Filter>Manager\EffectManager\CoinEffectManager</Filter>
    </ClInclude>
    <ClInclude Include="Player\Player3D.h">
      <Filter>Player</Filter>
    </ClInclude>
    <ClInclude Include="Player\Player2D.h">
      <Filter>Player</Filter>
    </ClInclude>
    <ClInclude Include="Player\PlayerMiniGame.h">
      <Filter>Player</Filter>
    </ClInclude>
    <ClInclude Include="Player\PlayerBase.h">
      <Filter>Player</Filter>
    </ClInclude>
    <ClInclude Include="State\PlayerState\DieState.h">
      <Filter>State\PlayerState</Filter>
    </ClInclude>
    <ClInclude Include="Gimmick\MiniGameCoin.h">
      <Filter>Gimmick\MiniGame</Filter>
    </ClInclude>
    <ClInclude Include="Engine\Component\Posture.h">
      <Filter>01Engine\Component</Filter>
    </ClInclude>
    <ClInclude Include="Enemy\MiniGamePigEnemy.h">
      <Filter>Enemy\MiniGame</Filter>
    </ClInclude>
    <ClInclude Include="Scene\MiniGameLevelSelectScene\MiniGameLevelSelectScene.h">
      <Filter>Scene\MiniGameLevelSelectScene</Filter>
    </ClInclude>
    <ClInclude Include="Scene\MiniGameLevelSelectScene\MiniGameLevelSelectStage.h">
      <Filter>Scene\MiniGameLevelSelectScene</Filter>
    </ClInclude>
    <ClInclude Include="Scene\UserSelectScene\UserSelectStage.h">
      <Filter>Scene\UserSelectScene</Filter>
    </ClInclude>
    <ClInclude Include="UI\ImageBase.h">
      <Filter>UI</Filter>
    </ClInclude>
    <ClInclude Include="UI\ScalingImage.h">
      <Filter>UI</Filter>
    </ClInclude>
    <ClInclude Include="UI\TalkImage.h">
      <Filter>UI</Filter>
    </ClInclude>
    <ClInclude Include="UI\Button\ButtonBase.h">
      <Filter>UI\Button</Filter>
    </ClInclude>
    <ClInclude Include="Manager\ButtonManager\ButtonManager.h">
      <Filter>Manager\ButtonManager</Filter>
    </ClInclude>
    <ClInclude Include="Engine\Component\EasingMove.h">
      <Filter>01Engine\Component</Filter>
    </ClInclude>
    <ClInclude Include="UI\UserSelectScene\UserSelectSceneUI.h">
      <Filter>UI\UserSelectScene</Filter>
    </ClInclude>
    <ClInclude Include="UI\TitleScene\TitleStartImage.h">
      <Filter>UI\TitleScene</Filter>
    </ClInclude>
    <ClInclude Include="UI\UserSelectScene\IconSelectUI.h">
      <Filter>UI\UserSelectScene</Filter>
    </ClInclude>
    <ClInclude Include="UI\UserSelectScene\NewFileUI.h">
      <Filter>UI\UserSelectScene</Filter>
    </ClInclude>
    <ClInclude Include="UI\UserSelectScene\Button\DropIconButton.h">
      <Filter>UI\UserSelectScene\Button\Icon</Filter>
    </ClInclude>
    <ClInclude Include="UI\UserSelectScene\Button\MainCharIconButton.h">
      <Filter>UI\UserSelectScene\Button\Icon</Filter>
    </ClInclude>
    <ClInclude Include="UI\UserSelectScene\Button\MobIconButton.h">
      <Filter>UI\UserSelectScene\Button\Icon</Filter>
    </ClInclude>
    <ClInclude Include="UI\UserSelectScene\Button\PigIconButton.h">
      <Filter>UI\UserSelectScene\Button\Icon</Filter>
    </ClInclude>
    <ClInclude Include="UI\UserSelectScene\Button\PrincessIconButton.h">
      <Filter>UI\UserSelectScene\Button\Icon</Filter>
    </ClInclude>
    <ClInclude Include="UI\UserSelectScene\UserGameStartUI.h">
      <Filter>UI\UserSelectScene</Filter>
    </ClInclude>
    <ClInclude Include="UI\UserSelectScene\Button\NewFileCancelButton.h">
      <Filter>UI\UserSelectScene\Button\NewFille</Filter>
    </ClInclude>
    <ClInclude Include="UI\UserSelectScene\Button\NewFileOkButton.h">
      <Filter>UI\UserSelectScene\Button\NewFille</Filter>
    </ClInclude>
    <ClInclude Include="UI\UserSelectScene\Button\UserGameStartButton.h">
      <Filter>UI\UserSelectScene\Button\UserGameStart</Filter>
    </ClInclude>
    <ClInclude Include="UI\UserSelectScene\Button\UserGameCancelButton.h">
      <Filter>UI\UserSelectScene\Button\UserGameStart</Filter>
    </ClInclude>
    <ClInclude Include="State\PlayerState\KnockBackState.h">
      <Filter>State\PlayerState</Filter>
    </ClInclude>
    <ClInclude Include="Scene\WorldScene\World2\WorldScene2.h">
      <Filter>Scene\WorldScene\World2</Filter>
    </ClInclude>
    <ClInclude Include="Scene\WorldScene\World2\WorldStage2.h">
      <Filter>Scene\WorldScene\World2</Filter>
    </ClInclude>
    <ClInclude Include="Gimmick\FlyBall.h">
      <Filter>Gimmick</Filter>
    </ClInclude>
    <ClInclude Include="Enemy\BossEnemy.h">
      <Filter>Enemy\Boss</Filter>
    </ClInclude>
    <ClInclude Include="Player\PlayerMovie.h">
      <Filter>Player</Filter>
    </ClInclude>
    <ClInclude Include="Enemy\BossEnemyMovie.h">
      <Filter>Enemy\Boss</Filter>
    </ClInclude>
    <ClInclude Include="Manager\SceneManager\SceneManager.h">
      <Filter>Manager\SceneManager</Filter>
    </ClInclude>
    <ClInclude Include="Mob\Mob.h">
      <Filter>Mob</Filter>
    </ClInclude>
    <ClInclude Include="Engine\Collider\BoxCollider.h">
      <Filter>01Engine\Collider</Filter>
    </ClInclude>
    <ClInclude Include="Engine\Collider\Collider.h">
      <Filter>01Engine\Collider</Filter>
    </ClInclude>
    <ClInclude Include="Engine\Collider\SphereCollider.h">
      <Filter>01Engine\Collider</Filter>
    </ClInclude>
    <ClInclude Include="Engine\DirectX\BillBoard.h">
      <Filter>01Engine\DirectX</Filter>
    </ClInclude>
    <ClInclude Include="Engine\DirectX\Direct3D.h">
      <Filter>01Engine\DirectX</Filter>
    </ClInclude>
    <ClInclude Include="Engine\DirectX\Fbx.h">
      <Filter>01Engine\DirectX</Filter>
    </ClInclude>
    <ClInclude Include="Engine\DirectX\FbxParts.h">
      <Filter>01Engine\DirectX</Filter>
    </ClInclude>
    <ClInclude Include="Engine\DirectX\Input.h">
      <Filter>01Engine\DirectX</Filter>
    </ClInclude>
    <ClInclude Include="Engine\DirectX\Sprite.h">
      <Filter>01Engine\DirectX</Filter>
    </ClInclude>
    <ClInclude Include="Engine\DirectX\Texture.h">
      <Filter>01Engine\DirectX</Filter>
    </ClInclude>
    <ClInclude Include="Engine\GameObject\Camera.h">
      <Filter>01Engine\GameObject</Filter>
    </ClInclude>
    <ClInclude Include="Engine\GameObject\CameraTransitionObject.h">
      <Filter>01Engine\GameObject</Filter>
    </ClInclude>
    <ClInclude Include="Engine\GameObject\GameObject.h">
      <Filter>01Engine\GameObject</Filter>
    </ClInclude>
    <ClInclude Include="Engine\GameObject\Light.h">
      <Filter>01Engine\GameObject</Filter>
    </ClInclude>
    <ClInclude Include="Engine\GameObject\PolyLine.h">
      <Filter>01Engine\GameObject</Filter>
    </ClInclude>
    <ClInclude Include="Engine\GameObject\RootObject.h">
      <Filter>01Engine\GameObject</Filter>
    </ClInclude>
    <ClInclude Include="Engine\GameObject\Transform.h">
      <Filter>01Engine\GameObject</Filter>
    </ClInclude>
    <ClInclude Include="Engine\GUI\ImGuiSet.h">
      <Filter>01Engine\GUI</Filter>
    </ClInclude>
    <ClInclude Include="Engine\ResourceManager\Audio.h">
      <Filter>01Engine\ResourceManager</Filter>
    </ClInclude>
    <ClInclude Include="Engine\ResourceManager\CreateStage.h">
      <Filter>01Engine\ResourceManager</Filter>
    </ClInclude>
    <ClInclude Include="Engine\ResourceManager\CsvReader.h">
      <Filter>01Engine\ResourceManager</Filter>
    </ClInclude>
    <ClInclude Include="Engine\ResourceManager\Easing.h">
      <Filter>01Engine\ResourceManager</Filter>
    </ClInclude>
    <ClInclude Include="Engine\ResourceManager\Fade.h">
      <Filter>01Engine\ResourceManager</Filter>
    </ClInclude>
    <ClInclude Include="Engine\ResourceManager\Global.h">
      <Filter>01Engine\ResourceManager</Filter>
    </ClInclude>
    <ClInclude Include="Engine\ResourceManager\Image.h">
      <Filter>01Engine\ResourceManager</Filter>
    </ClInclude>
    <ClInclude Include="Engine\ResourceManager\Model.h">
      <Filter>01Engine\ResourceManager</Filter>
    </ClInclude>
    <ClInclude Include="Engine\ResourceManager\Sound.h">
      <Filter>01Engine\ResourceManager</Filter>
    </ClInclude>
    <ClInclude Include="Engine\ResourceManager\Text.h">
      <Filter>01Engine\ResourceManager</Filter>
    </ClInclude>
    <ClInclude Include="Engine\ResourceManager\Time.h">
      <Filter>01Engine\ResourceManager</Filter>
    </ClInclude>
    <ClInclude Include="Engine\ResourceManager\VFX.h">
      <Filter>01Engine\ResourceManager</Filter>
    </ClInclude>
    <ClInclude Include="Engine\GUI\imgui\imconfig.h">
      <Filter>01Engine\GUI\Imgui</Filter>
    </ClInclude>
    <ClInclude Include="Engine\GUI\imgui\imgui.h">
      <Filter>01Engine\GUI\Imgui</Filter>
    </ClInclude>
    <ClInclude Include="Engine\GUI\imgui\imgui_impl_dx11.h">
      <Filter>01Engine\GUI\Imgui</Filter>
    </ClInclude>
    <ClInclude Include="Engine\GUI\imgui\imgui_impl_win32.h">
      <Filter>01Engine\GUI\Imgui</Filter>
    </ClInclude>
    <ClInclude Include="Engine\GUI\imgui\imgui_internal.h">
      <Filter>01Engine\GUI\Imgui</Filter>
    </ClInclude>
    <ClInclude Include="Engine\GUI\imgui\imstb_rectpack.h">
      <Filter>01Engine\GUI\Imgui</Filter>
    </ClInclude>
    <ClInclude Include="Engine\GUI\imgui\imstb_textedit.h">
      <Filter>01Engine\GUI\Imgui</Filter>
    </ClInclude>
    <ClInclude Include="Engine\GUI\imgui\imstb_truetype.h">
      <Filter>01Engine\GUI\Imgui</Filter>
    </ClInclude>
    <ClInclude Include="Gimmick\Movie\MovieCoin.h">
      <Filter>Gimmick\Movie</Filter>
    </ClInclude>
    <ClInclude Include="Scene\EndRolesScene\EndRolesScene.h">
      <Filter>Scene\EndRolesScene</Filter>
    </ClInclude>
    <ClInclude Include="UI\EndRolesScene\EndRoles.h">
      <Filter>UI\EndRolesScene</Filter>
    </ClInclude>
    <ClInclude Include="Scene\LastScene\LastScene.h">
      <Filter>Scene\LastScene</Filter>
    </ClInclude>
    <ClInclude Include="Scene\LastScene\LastStage.h">
      <Filter>Scene\LastScene</Filter>
    </ClInclude>
    <ClInclude Include="OtherObject\Water.h">
      <Filter>OtherObject\LastScene</Filter>
    </ClInclude>
    <ClInclude Include="OtherObject\ShootingStar.h">
      <Filter>OtherObject\LastScene</Filter>
    </ClInclude>
    <ClInclude Include="OtherObject\ShootingStarCreate.h">
      <Filter>OtherObject\LastScene</Filter>
    </ClInclude>
    <ClInclude Include="Manager\EffectManager\OtherEffectManager\OtherEffectManager.h">
      <Filter>Manager\EffectManager\OtherEffectManager</Filter>
    </ClInclude>
    <ClInclude Include="OtherObject\WaterCurrentStick.h">
      <Filter>OtherObject\LastScene</Filter>
    </ClInclude>
    <ClInclude Include="Enemy\BossEnemyChild.h">
      <Filter>Enemy\Boss</Filter>
    </ClInclude>
    <ClInclude Include="Engine\Component\Gauge.h">
      <Filter>01Engine\Component</Filter>
    </ClInclude>
    <ClInclude Include="UI\WorldScene\World2\BossWarningImage.h">
      <Filter>UI\WorldScene\World2</Filter>
    </ClInclude>
    <ClInclude Include="Enemy\BossEnemyKill.h">
      <Filter>Enemy\Boss</Filter>
    </ClInclude>
    <ClInclude Include="Scene\StageSelectScene\StageSelectStage.h">
      <Filter>Scene\StageSelectScene</Filter>
    </ClInclude>
    <ClInclude Include="OtherObject\StageSelectScene\BaseSelectStage.h">
      <Filter>OtherObject\StageSelectScene</Filter>
    </ClInclude>
    <ClInclude Include="OtherObject\StageSelectScene\StageModelBase.h">
      <Filter>OtherObject\StageSelectScene</Filter>
    </ClInclude>
    <ClInclude Include="OtherObject\StageSelectScene\FourthStageModel.h">
      <Filter>OtherObject\StageSelectScene</Filter>
    </ClInclude>
    <ClInclude Include="OtherObject\StageSelectScene\SecondStageModel.h">
      <Filter>OtherObject\StageSelectScene</Filter>
    </ClInclude>
    <ClInclude Include="OtherObject\StageSelectScene\ThirdStageModel.h">
      <Filter>OtherObject\StageSelectScene</Filter>
    </ClInclude>
    <ClInclude Include="OtherObject\StageSelectScene\FirstStageModel.h">
      <Filter>OtherObject\StageSelectScene</Filter>
    </ClInclude>
    <ClInclude Include="UI\StageSelectScene\StageSelectTextUI.h">
      <Filter>UI\StageSelectScene</Filter>
    </ClInclude>
    <ClInclude Include="UI\Pause\PauseUI.h">
      <Filter>UI\Pause</Filter>
    </ClInclude>
    <ClInclude Include="UI\Pause\Button\BackTitle\PauseBackTitleButton.h">
      <Filter>UI\Pause\Button\BackTitle</Filter>
    </ClInclude>
    <ClInclude Include="UI\Pause\Button\Back\PauseBackButton.h">
      <Filter>UI\Pause\Button\Back</Filter>
    </ClInclude>
    <ClInclude Include="UI\Pause\Button\Operation\PauseOperationButton.h">
      <Filter>UI\Pause\Button\Operation</Filter>
    </ClInclude>
    <ClInclude Include="UI\Pause\Button\Save\PauseSaveButton.h">
      <Filter>UI\Pause\Button\Save</Filter>
    </ClInclude>
    <ClInclude Include="Manager\AudioManager\PlayerAudioManager\PlayerAudioManager.h">
      <Filter>Manager\AudioManager\PlayerAudioManager</Filter>
    </ClInclude>
    <ClInclude Include="Manager\AudioManager\OtherAudioManager\OtherAudioManager.h">
      <Filter>Manager\AudioManager\OtherAudioManager</Filter>
    </ClInclude>
    <ClInclude Include="Manager\AudioManager\CoinAudioManager\CoinAudioManager.h">
      <Filter>Manager\AudioManager\CoinAudioManager</Filter>
    </ClInclude>
  </ItemGroup>
  <ItemGroup>
    <FxCompile Include="Assets\Shader\Simple2D.hlsl">
      <Filter>02Shader</Filter>
    </FxCompile>
    <FxCompile Include="Assets\Shader\Simple3D.hlsl">
      <Filter>02Shader</Filter>
    </FxCompile>
    <FxCompile Include="Assets\Shader\Debug3D.hlsl">
      <Filter>02Shader</Filter>
    </FxCompile>
    <FxCompile Include="Assets\Shader\BillBoard.hlsl">
      <Filter>02Shader</Filter>
    </FxCompile>
    <FxCompile Include="Assets\Shader\SignBoard.hlsl">
      <Filter>02Shader</Filter>
    </FxCompile>
    <FxCompile Include="Assets\Shader\Fade.hlsl">
      <Filter>02Shader</Filter>
    </FxCompile>
    <FxCompile Include="Assets\Shader\ReversColorImage.hlsl">
      <Filter>02Shader</Filter>
    </FxCompile>
    <FxCompile Include="Assets\Shader\NormalMapShader.hlsl">
      <Filter>02Shader</Filter>
    </FxCompile>
  </ItemGroup>
</Project>