<?xml version="1.0" encoding="utf-8"?>
<Project ToolsVersion="4.0" xmlns="http://schemas.microsoft.com/developer/msbuild/2003">
  <ItemGroup>
    <Filter Include="リソース ファイル">
      <UniqueIdentifier>{67DA6AB6-F800-4c08-8B7A-83BB121AAD01}</UniqueIdentifier>
      <Extensions>rc;ico;cur;bmp;dlg;rc2;rct;bin;rgs;gif;jpg;jpeg;jpe;resx;tiff;tif;png;wav;mfcribbon-ms</Extensions>
    </Filter>
    <Filter Include="01Engine">
      <UniqueIdentifier>{e5fccdcb-f299-4448-bdb6-01fa28039576}</UniqueIdentifier>
    </Filter>
    <Filter Include="01Engine\Collider">
      <UniqueIdentifier>{7f19ecfb-5d70-4d31-a1f7-c9dd14bad324}</UniqueIdentifier>
    </Filter>
    <Filter Include="01Engine\DirectX">
      <UniqueIdentifier>{e56f8c9a-95a5-4ceb-b65f-5b8e572d087b}</UniqueIdentifier>
    </Filter>
    <Filter Include="01Engine\GameObject">
      <UniqueIdentifier>{b450e438-c939-4b05-b319-0e3c0b4a335c}</UniqueIdentifier>
    </Filter>
    <Filter Include="01Engine\ResourceManager">
      <UniqueIdentifier>{bedee914-5063-4c08-95bb-79c861b4969c}</UniqueIdentifier>
    </Filter>
    <Filter Include="02Shader">
      <UniqueIdentifier>{47a6a3f5-8cfd-436b-8d58-beccd108f3f3}</UniqueIdentifier>
      <Extensions>hlsl</Extensions>
    </Filter>
    <Filter Include="01Engine\imagui">
      <UniqueIdentifier>{3abdd034-6933-4481-81a9-555fc0383837}</UniqueIdentifier>
    </Filter>
    <Filter Include="Enemy">
      <UniqueIdentifier>{137c3fe3-be66-4711-b3d9-b01883705420}</UniqueIdentifier>
    </Filter>
    <Filter Include="Gimmick">
      <UniqueIdentifier>{136fbc31-bd9d-4eba-a28c-2d3b312b009a}</UniqueIdentifier>
    </Filter>
    <Filter Include="Block">
      <UniqueIdentifier>{2c753b1d-1a10-4ab1-91c1-dd4472742a6a}</UniqueIdentifier>
    </Filter>
    <Filter Include="Mob">
      <UniqueIdentifier>{ee4dea8f-7656-44cf-89ff-40befbc9e769}</UniqueIdentifier>
    </Filter>
    <Filter Include="Scene">
      <UniqueIdentifier>{e80c0e4a-fc29-4d0c-9d94-60778d53ed8b}</UniqueIdentifier>
    </Filter>
    <Filter Include="Scene\HomeScene">
      <UniqueIdentifier>{48a2f283-5f60-40ab-af4c-978a0e097a11}</UniqueIdentifier>
    </Filter>
    <Filter Include="Scene\TitleScene">
      <UniqueIdentifier>{25e5cecf-180a-4361-a8db-a2e9b5e47da2}</UniqueIdentifier>
    </Filter>
    <Filter Include="Scene\TutorialScene">
      <UniqueIdentifier>{eda1172f-de02-4acc-9a1b-78ecad21b888}</UniqueIdentifier>
    </Filter>
    <Filter Include="Scene\StageSelectScene">
      <UniqueIdentifier>{ec2d0605-0498-4ffa-afcf-413214b95477}</UniqueIdentifier>
    </Filter>
    <Filter Include="Scene\WorldScene">
      <UniqueIdentifier>{a3c5faee-ef35-424b-91cb-d5e5369fe5c4}</UniqueIdentifier>
    </Filter>
    <Filter Include="Scene\WorldScene\World1">
      <UniqueIdentifier>{04ab4cfe-cbb3-484a-aa6e-131368a3eb3b}</UniqueIdentifier>
    </Filter>
    <Filter Include="Gimmick\ShineLight">
      <UniqueIdentifier>{ee67864d-2400-4a28-915d-1ad0b18a30c9}</UniqueIdentifier>
    </Filter>
    <Filter Include="OtherObject">
      <UniqueIdentifier>{dec0e661-14fe-4bc7-8710-ffbbbe76cb34}</UniqueIdentifier>
    </Filter>
    <Filter Include="Scene\WorldScene\World2">
      <UniqueIdentifier>{82798122-ebdb-4e20-a83f-96b7cf9a11a3}</UniqueIdentifier>
    </Filter>
    <Filter Include="Scene\WorldScene\World3">
      <UniqueIdentifier>{0c1ebeb2-b447-4ddb-a90e-f157184616af}</UniqueIdentifier>
    </Filter>
    <Filter Include="OtherObject\TitleScene">
      <UniqueIdentifier>{9e168d0a-a0b8-44a6-b736-50cc28b7a814}</UniqueIdentifier>
    </Filter>
    <Filter Include="Scene\UserSelectScene">
      <UniqueIdentifier>{354a32ad-cf9a-4fb2-a9b2-a449529ce72d}</UniqueIdentifier>
    </Filter>
    <Filter Include="OtherObject\UserSelectScene">
      <UniqueIdentifier>{9d120ce6-4ef1-4812-b47a-56412bf7c506}</UniqueIdentifier>
    </Filter>
    <Filter Include="State">
      <UniqueIdentifier>{db03e537-9588-4bd2-934a-bdc36a3688fd}</UniqueIdentifier>
    </Filter>
    <Filter Include="State\PlayerState">
      <UniqueIdentifier>{9874ba9e-8f90-43b6-9fba-ea216b4ebf29}</UniqueIdentifier>
    </Filter>
    <Filter Include="State\EnemyState">
      <UniqueIdentifier>{5e7d2d67-2e6f-4cec-9ed2-e724df890f5c}</UniqueIdentifier>
    </Filter>
    <Filter Include="Manager">
      <UniqueIdentifier>{6b10e8db-1776-42ff-95c2-8edfa613fd27}</UniqueIdentifier>
    </Filter>
    <Filter Include="Manager\CoinManager">
      <UniqueIdentifier>{a2be3fdd-7aaf-4cc6-bcd8-ebfdc5c9efb3}</UniqueIdentifier>
    </Filter>
    <Filter Include="Manager\LifeManager">
      <UniqueIdentifier>{ad51674f-f85d-43cd-996e-b655013eb01e}</UniqueIdentifier>
    </Filter>
    <Filter Include="Manager\GameManager">
      <UniqueIdentifier>{8583a749-51f2-489a-96af-19bf1d6d24ea}</UniqueIdentifier>
    </Filter>
    <Filter Include="Manager\EffectManager">
      <UniqueIdentifier>{b9c71369-bd9b-4f58-b221-baf7a0937d57}</UniqueIdentifier>
    </Filter>
    <Filter Include="Manager\EffectManager\EnemyEffectManager">
      <UniqueIdentifier>{65bc9429-e4be-4a1d-ac52-cad80f5dd01a}</UniqueIdentifier>
    </Filter>
    <Filter Include="Manager\EffectManager\PlayerEffectManager">
      <UniqueIdentifier>{79ad72df-02e3-4cc0-8775-df2bc035d15e}</UniqueIdentifier>
    </Filter>
    <Filter Include="Manager\TextManager">
      <UniqueIdentifier>{ed98f91a-cab0-404b-91ad-920f8a90ec45}</UniqueIdentifier>
    </Filter>
    <Filter Include="MiniGame">
      <UniqueIdentifier>{3690bc57-37d4-4132-9b5b-cd0bf574c0ef}</UniqueIdentifier>
    </Filter>
    <Filter Include="Manager\MiniGameManager">
      <UniqueIdentifier>{99bbaec0-7f01-4f78-9e7d-3a2b17bd30a2}</UniqueIdentifier>
    </Filter>
    <Filter Include="Scene\MiniGameScene">
      <UniqueIdentifier>{6ce2ace6-5472-4dc7-8248-168e66225e68}</UniqueIdentifier>
    </Filter>
    <Filter Include="Gimmick\MiniGame">
      <UniqueIdentifier>{7d42e6e5-4b07-4233-81f6-1a1f3b903f15}</UniqueIdentifier>
    </Filter>
    <Filter Include="01Engine\Component">
      <UniqueIdentifier>{60a46503-7ad4-4aaa-b264-2cc92897415d}</UniqueIdentifier>
    </Filter>
    <Filter Include="Manager\EffectManager\CoinEffectManager">
      <UniqueIdentifier>{41463354-fe23-48db-aa62-15f520d86e9d}</UniqueIdentifier>
    </Filter>
    <Filter Include="Player">
      <UniqueIdentifier>{89090ed2-8aa7-4ec0-9f80-7ed4a65209e3}</UniqueIdentifier>
    </Filter>
    <Filter Include="Enemy\MiniGame">
      <UniqueIdentifier>{af62e41e-5228-493e-8173-c95ba15a4867}</UniqueIdentifier>
    </Filter>
    <Filter Include="Scene\MiniGameLevelSelectScene">
      <UniqueIdentifier>{80f97b70-1b39-4398-b088-9bf13a027f2a}</UniqueIdentifier>
    </Filter>
    <Filter Include="UI">
      <UniqueIdentifier>{887d2425-9618-47fc-989a-e9ebf63ab793}</UniqueIdentifier>
    </Filter>
    <Filter Include="UI\TitleScene">
      <UniqueIdentifier>{1f413815-1bfc-44c5-8ba5-65fddb479684}</UniqueIdentifier>
    </Filter>
    <Filter Include="UI\UserSelectScene">
      <UniqueIdentifier>{5a235588-b277-4310-81e9-26663fe153e7}</UniqueIdentifier>
    </Filter>
    <Filter Include="UI\Button">
      <UniqueIdentifier>{dcca13bc-54e4-4d52-a370-8c155f72c006}</UniqueIdentifier>
    </Filter>
    <Filter Include="Manager\ButtonManager">
      <UniqueIdentifier>{68d15143-05e0-468a-953d-470ec87186c9}</UniqueIdentifier>
    </Filter>
    <Filter Include="UI\TitleScene\Button">
      <UniqueIdentifier>{e61e0ad7-2c82-44a8-8b1f-1f49ce45ae59}</UniqueIdentifier>
    </Filter>
    <Filter Include="UI\UserSelectScene\Button">
      <UniqueIdentifier>{a155cdc6-3d90-496d-a7f9-f6de8676487b}</UniqueIdentifier>
    </Filter>
    <Filter Include="UI\UserSelectScene\Button\Icon">
      <UniqueIdentifier>{73972f73-20ca-43df-acb0-98620db191fc}</UniqueIdentifier>
    </Filter>
    <Filter Include="UI\UserSelectScene\Button\NewFille">
      <UniqueIdentifier>{7b7c2f1f-c164-4c9f-8824-e8245507ebfb}</UniqueIdentifier>
    </Filter>
    <Filter Include="UI\UserSelectScene\Button\UserGameStart">
      <UniqueIdentifier>{ef785256-b443-4ae9-97b4-fd29ab4f7bdd}</UniqueIdentifier>
    </Filter>
  </ItemGroup>
  <ItemGroup>
    <ClCompile Include="Engine\BoxCollider.cpp">
      <Filter>01Engine\Collider</Filter>
    </ClCompile>
    <ClCompile Include="Engine\Collider.cpp">
      <Filter>01Engine\Collider</Filter>
    </ClCompile>
    <ClCompile Include="Engine\SphereCollider.cpp">
      <Filter>01Engine\Collider</Filter>
    </ClCompile>
    <ClCompile Include="Engine\Direct3D.cpp">
      <Filter>01Engine\DirectX</Filter>
    </ClCompile>
    <ClCompile Include="Engine\Fbx.cpp">
      <Filter>01Engine\DirectX</Filter>
    </ClCompile>
    <ClCompile Include="Engine\FbxParts.cpp">
      <Filter>01Engine\DirectX</Filter>
    </ClCompile>
    <ClCompile Include="Engine\Input.cpp">
      <Filter>01Engine\DirectX</Filter>
    </ClCompile>
    <ClCompile Include="Engine\Sprite.cpp">
      <Filter>01Engine\DirectX</Filter>
    </ClCompile>
    <ClCompile Include="Engine\Camera.cpp">
      <Filter>01Engine\GameObject</Filter>
    </ClCompile>
    <ClCompile Include="Engine\GameObject.cpp">
      <Filter>01Engine\GameObject</Filter>
    </ClCompile>
    <ClCompile Include="Engine\RootObject.cpp">
      <Filter>01Engine\GameObject</Filter>
    </ClCompile>
    <ClCompile Include="Engine\Image.cpp">
      <Filter>01Engine\ResourceManager</Filter>
    </ClCompile>
    <ClCompile Include="Engine\Model.cpp">
      <Filter>01Engine\ResourceManager</Filter>
    </ClCompile>
    <ClCompile Include="Engine\Main.cpp">
      <Filter>01Engine</Filter>
    </ClCompile>
    <ClCompile Include="Engine\SceneManager.cpp">
      <Filter>01Engine</Filter>
    </ClCompile>
    <ClCompile Include="Engine\Texture.cpp">
      <Filter>01Engine\DirectX</Filter>
    </ClCompile>
    <ClCompile Include="Engine\Transform.cpp">
      <Filter>01Engine\GameObject</Filter>
    </ClCompile>
    <ClCompile Include="Engine\Audio.cpp">
      <Filter>01Engine\ResourceManager</Filter>
    </ClCompile>
    <ClCompile Include="Engine\Text.cpp">
      <Filter>01Engine</Filter>
    </ClCompile>
    <ClCompile Include="imgui\imgui.cpp">
      <Filter>01Engine\imagui</Filter>
    </ClCompile>
    <ClCompile Include="imgui\imgui_draw.cpp">
      <Filter>01Engine\imagui</Filter>
    </ClCompile>
    <ClCompile Include="imgui\imgui_impl_dx11.cpp">
      <Filter>01Engine\imagui</Filter>
    </ClCompile>
    <ClCompile Include="imgui\imgui_impl_win32.cpp">
      <Filter>01Engine\imagui</Filter>
    </ClCompile>
    <ClCompile Include="imgui\imgui_tables.cpp">
      <Filter>01Engine\imagui</Filter>
    </ClCompile>
    <ClCompile Include="imgui\imgui_widgets.cpp">
      <Filter>01Engine\imagui</Filter>
    </ClCompile>
    <ClCompile Include="Engine\ImGuiSet.cpp">
      <Filter>01Engine</Filter>
    </ClCompile>
    <ClCompile Include="Engine\Light.cpp">
      <Filter>01Engine\GameObject</Filter>
    </ClCompile>
    <ClCompile Include="Mob.cpp" />
    <ClCompile Include="Enemy\Enemy.cpp">
      <Filter>Enemy</Filter>
    </ClCompile>
    <ClCompile Include="Engine\BillBoard.cpp">
      <Filter>01Engine\DirectX</Filter>
    </ClCompile>
    <ClCompile Include="Gimmick\Coin.cpp">
      <Filter>Gimmick</Filter>
    </ClCompile>
    <ClCompile Include="Gimmick\Warp.cpp">
      <Filter>Gimmick</Filter>
    </ClCompile>
    <ClCompile Include="Block\ItemBlock.cpp">
      <Filter>Block</Filter>
    </ClCompile>
    <ClCompile Include="Enemy\DropEnemy.cpp">
      <Filter>Enemy</Filter>
    </ClCompile>
    <ClCompile Include="Enemy\PigEnemy.cpp">
      <Filter>Enemy</Filter>
    </ClCompile>
    <ClCompile Include="Engine\PolyLine.cpp">
      <Filter>01Engine\GameObject</Filter>
    </ClCompile>
    <ClCompile Include="Block\Block.cpp">
      <Filter>Block</Filter>
    </ClCompile>
    <ClCompile Include="Block\NormalBlock.cpp">
      <Filter>Block</Filter>
    </ClCompile>
    <ClCompile Include="Block\BrickBlock.cpp">
      <Filter>Block</Filter>
    </ClCompile>
    <ClCompile Include="Block\TransparentBlock.cpp">
      <Filter>Block</Filter>
    </ClCompile>
    <ClCompile Include="Mob\MainMob.cpp">
      <Filter>Mob</Filter>
    </ClCompile>
    <ClCompile Include="Gimmick\Signboard.cpp">
      <Filter>Gimmick</Filter>
    </ClCompile>
    <ClCompile Include="Stage.cpp" />
    <ClCompile Include="Scene\HomeScene\HomeScene.cpp">
      <Filter>Scene\HomeScene</Filter>
    </ClCompile>
    <ClCompile Include="Scene\HomeScene\HomeStage.cpp">
      <Filter>Scene\HomeScene</Filter>
    </ClCompile>
    <ClCompile Include="Scene\TitleScene\TitleScene.cpp">
      <Filter>Scene\TitleScene</Filter>
    </ClCompile>
    <ClCompile Include="Scene\TutorialScene\TutorialScene1.cpp">
      <Filter>Scene\TutorialScene</Filter>
    </ClCompile>
    <ClCompile Include="Scene\TutorialScene\TutorialScene2.cpp">
      <Filter>Scene\TutorialScene</Filter>
    </ClCompile>
    <ClCompile Include="Scene\TutorialScene\TutorialStage1.cpp">
      <Filter>Scene\TutorialScene</Filter>
    </ClCompile>
    <ClCompile Include="Scene\TutorialScene\TutorialStage2.cpp">
      <Filter>Scene\TutorialScene</Filter>
    </ClCompile>
    <ClCompile Include="Scene\StageSelectScene\StageSelectScene.cpp">
      <Filter>Scene\StageSelectScene</Filter>
    </ClCompile>
    <ClCompile Include="Scene\WorldScene\World1\WorldScene1.cpp">
      <Filter>Scene\WorldScene\World1</Filter>
    </ClCompile>
    <ClCompile Include="Scene\WorldScene\World1\WorldStage1.cpp">
      <Filter>Scene\WorldScene\World1</Filter>
    </ClCompile>
    <ClCompile Include="Gimmick\MoveFloor.cpp">
      <Filter>Gimmick</Filter>
    </ClCompile>
    <ClCompile Include="Engine\Sound.cpp">
      <Filter>01Engine</Filter>
    </ClCompile>
    <ClCompile Include="Engine\CameraTransitionObject.cpp">
      <Filter>01Engine\GameObject</Filter>
    </ClCompile>
    <ClCompile Include="Gimmick\ShineLightController.cpp">
      <Filter>Gimmick\ShineLight</Filter>
    </ClCompile>
    <ClCompile Include="Gimmick\ShineLight.cpp">
      <Filter>Gimmick\ShineLight</Filter>
    </ClCompile>
    <ClCompile Include="Enemy\BulletPigEnemy.cpp">
      <Filter>Enemy</Filter>
    </ClCompile>
    <ClCompile Include="Gimmick\Bullet.cpp">
      <Filter>Gimmick</Filter>
    </ClCompile>
    <ClCompile Include="Engine\CreateStage.cpp">
      <Filter>01Engine</Filter>
    </ClCompile>
    <ClCompile Include="OtherObject\TitleModel.cpp">
      <Filter>OtherObject\TitleScene</Filter>
    </ClCompile>
    <ClCompile Include="OtherObject\TitleModelPlayer.cpp">
      <Filter>OtherObject\TitleScene</Filter>
    </ClCompile>
    <ClCompile Include="OtherObject\TitleModelPrincess.cpp">
      <Filter>OtherObject\TitleScene</Filter>
    </ClCompile>
    <ClCompile Include="OtherObject\TitleComplexModel.cpp">
      <Filter>OtherObject\TitleScene</Filter>
    </ClCompile>
    <ClCompile Include="Scene\UserSelectScene\UserSelectScene.cpp">
      <Filter>Scene\UserSelectScene</Filter>
    </ClCompile>
    <ClCompile Include="OtherObject\UserPlanetBase.cpp">
      <Filter>OtherObject\UserSelectScene</Filter>
    </ClCompile>
    <ClCompile Include="OtherObject\UserInfomation.cpp">
      <Filter>OtherObject\UserSelectScene</Filter>
    </ClCompile>
    <ClCompile Include="OtherObject\UserPlanet1.cpp">
      <Filter>OtherObject\UserSelectScene</Filter>
    </ClCompile>
    <ClCompile Include="OtherObject\UserPlanet2.cpp">
      <Filter>OtherObject\UserSelectScene</Filter>
    </ClCompile>
    <ClCompile Include="OtherObject\UserPlanet3.cpp">
      <Filter>OtherObject\UserSelectScene</Filter>
    </ClCompile>
    <ClCompile Include="OtherObject\SelectPlanetController.cpp">
      <Filter>OtherObject\UserSelectScene</Filter>
    </ClCompile>
    <ClCompile Include="State\PlayerState\JumpingState.cpp">
      <Filter>State\PlayerState</Filter>
    </ClCompile>
    <ClCompile Include="State\PlayerState\JumpRotationningState.cpp">
      <Filter>State\PlayerState</Filter>
    </ClCompile>
    <ClCompile Include="State\PlayerState\PlayerStateManager.cpp">
      <Filter>State\PlayerState</Filter>
    </ClCompile>
    <ClCompile Include="State\PlayerState\RotationningState.cpp">
      <Filter>State\PlayerState</Filter>
    </ClCompile>
    <ClCompile Include="State\PlayerState\RunningState.cpp">
      <Filter>State\PlayerState</Filter>
    </ClCompile>
    <ClCompile Include="State\PlayerState\StandingState.cpp">
      <Filter>State\PlayerState</Filter>
    </ClCompile>
    <ClCompile Include="State\PlayerState\WalkingState.cpp">
      <Filter>State\PlayerState</Filter>
    </ClCompile>
    <ClCompile Include="State\EnemyState\EnemyState.cpp">
      <Filter>State\EnemyState</Filter>
    </ClCompile>
    <ClCompile Include="State\PlayerState\PlayerState.cpp">
      <Filter>State\PlayerState</Filter>
    </ClCompile>
    <ClCompile Include="State\EnemyState\EnemyDieState.cpp">
      <Filter>State\EnemyState</Filter>
    </ClCompile>
    <ClCompile Include="State\EnemyState\EnemyKnockBackState.cpp">
      <Filter>State\EnemyState</Filter>
    </ClCompile>
    <ClCompile Include="State\EnemyState\EnemyMoveState.cpp">
      <Filter>State\EnemyState</Filter>
    </ClCompile>
    <ClCompile Include="State\EnemyState\EnemyRotationState.cpp">
      <Filter>State\EnemyState</Filter>
    </ClCompile>
    <ClCompile Include="State\EnemyState\EnemyWaitState.cpp">
      <Filter>State\EnemyState</Filter>
    </ClCompile>
    <ClCompile Include="Manager\CoinManager\CoinManager.cpp">
      <Filter>Manager\CoinManager</Filter>
    </ClCompile>
    <ClCompile Include="Manager\LifeManager\LifeManager.cpp">
      <Filter>Manager\LifeManager</Filter>
    </ClCompile>
    <ClCompile Include="Manager\GameManager\GameManager.cpp">
      <Filter>Manager\GameManager</Filter>
    </ClCompile>
    <ClCompile Include="Manager\EffectManager\EnemyEffectManager\EnemyEffectManager.cpp">
      <Filter>Manager\EffectManager\EnemyEffectManager</Filter>
    </ClCompile>
    <ClCompile Include="Manager\EffectManager\PlayerEffectManager\PlayerEffectManager.cpp">
      <Filter>Manager\EffectManager\PlayerEffectManager</Filter>
    </ClCompile>
    <ClCompile Include="Manager\TextManager\TextManager.cpp">
      <Filter>Manager\TextManager</Filter>
    </ClCompile>
    <ClCompile Include="Mob\TalkMainMob.cpp">
      <Filter>Mob</Filter>
    </ClCompile>
    <ClCompile Include="Engine\CsvReader.cpp">
      <Filter>01Engine\ResourceManager</Filter>
    </ClCompile>
    <ClCompile Include="Manager\MiniGameManager\MiniGameManager.cpp">
      <Filter>Manager\MiniGameManager</Filter>
    </ClCompile>
    <ClCompile Include="MiniGame\Combo.cpp">
      <Filter>MiniGame</Filter>
    </ClCompile>
    <ClCompile Include="MiniGame\MiniGameTime.cpp">
      <Filter>MiniGame</Filter>
    </ClCompile>
    <ClCompile Include="Engine\Time.cpp">
      <Filter>01Engine</Filter>
    </ClCompile>
    <ClCompile Include="MiniGame\MiniGameSetObject.cpp">
      <Filter>MiniGame</Filter>
    </ClCompile>
    <ClCompile Include="Scene\MiniGameScene\MiniGameScene.cpp">
      <Filter>Scene\MiniGameScene</Filter>
    </ClCompile>
    <ClCompile Include="Scene\MiniGameScene\MiniGameStage.cpp">
      <Filter>Scene\MiniGameScene</Filter>
    </ClCompile>
    <ClCompile Include="Gimmick\Pipe.cpp">
      <Filter>Gimmick\MiniGame</Filter>
    </ClCompile>
    <ClCompile Include="Gimmick\TurnCircle.cpp">
      <Filter>Gimmick\MiniGame</Filter>
    </ClCompile>
    <ClCompile Include="Manager\EffectManager\CoinEffectManager\CoinEffectManager.cpp">
      <Filter>Manager\EffectManager\CoinEffectManager</Filter>
    </ClCompile>
    <ClCompile Include="Player\Player3D.cpp">
      <Filter>Player</Filter>
    </ClCompile>
    <ClCompile Include="Player\Player2D.cpp">
      <Filter>Player</Filter>
    </ClCompile>
    <ClCompile Include="Player\PlayerMiniGame.cpp">
      <Filter>Player</Filter>
    </ClCompile>
    <ClCompile Include="Player\PlayerBase.cpp">
      <Filter>Player</Filter>
    </ClCompile>
    <ClCompile Include="State\PlayerState\DieState.cpp">
      <Filter>State\PlayerState</Filter>
    </ClCompile>
    <ClCompile Include="Gimmick\MiniGameCoin.cpp">
      <Filter>Gimmick\MiniGame</Filter>
    </ClCompile>
    <ClCompile Include="Engine\Component\Posture.cpp">
      <Filter>01Engine\Component</Filter>
    </ClCompile>
    <ClCompile Include="Enemy\MiniGamePigEnemy.cpp">
      <Filter>Enemy\MiniGame</Filter>
    </ClCompile>
    <ClCompile Include="Scene\MiniGameLevelSelectScene\MiniGameLevelSelectScene.cpp">
      <Filter>Scene\MiniGameLevelSelectScene</Filter>
    </ClCompile>
    <ClCompile Include="Scene\MiniGameLevelSelectScene\MiniGameLevelSelectStage.cpp">
      <Filter>Scene\MiniGameLevelSelectScene</Filter>
    </ClCompile>
    <ClCompile Include="Scene\UserSelectScene\UserSelectStage.cpp">
      <Filter>Scene\UserSelectScene</Filter>
    </ClCompile>
    <ClCompile Include="UI\ImageBase.cpp">
      <Filter>UI</Filter>
    </ClCompile>
    <ClCompile Include="UI\ScalingImage.cpp">
      <Filter>UI</Filter>
    </ClCompile>
    <ClCompile Include="UI\TalkImage.cpp">
      <Filter>UI</Filter>
    </ClCompile>
    <ClCompile Include="UI\Button\ButtonBase.cpp">
      <Filter>UI\Button</Filter>
    </ClCompile>
    <ClCompile Include="Manager\ButtonManager\ButtonManager.cpp">
      <Filter>Manager\ButtonManager</Filter>
    </ClCompile>
    <ClCompile Include="Engine\Easing.cpp">
      <Filter>01Engine</Filter>
    </ClCompile>
    <ClCompile Include="Engine\Component\EasingMove.cpp">
      <Filter>01Engine\Component</Filter>
    </ClCompile>
    <ClCompile Include="UI\UserSelectScene\UserSelectSceneUI.cpp">
      <Filter>UI\UserSelectScene</Filter>
    </ClCompile>
    <ClCompile Include="UI\TitleScene\TitleStartImage.cpp">
      <Filter>UI\TitleScene</Filter>
    </ClCompile>
    <ClCompile Include="UI\UserSelectScene\IconSelectUI.cpp">
      <Filter>UI\UserSelectScene</Filter>
    </ClCompile>
    <ClCompile Include="UI\UserSelectScene\NewFileUI.cpp">
      <Filter>UI\UserSelectScene</Filter>
    </ClCompile>
    <ClCompile Include="UI\UserSelectScene\Button\DropIconButton.cpp">
      <Filter>UI\UserSelectScene\Button\Icon</Filter>
    </ClCompile>
    <ClCompile Include="UI\UserSelectScene\Button\MainCharIconButton.cpp">
      <Filter>UI\UserSelectScene\Button\Icon</Filter>
    </ClCompile>
    <ClCompile Include="UI\UserSelectScene\Button\MobIconButton.cpp">
      <Filter>UI\UserSelectScene\Button\Icon</Filter>
    </ClCompile>
    <ClCompile Include="UI\UserSelectScene\Button\PigIconButton.cpp">
      <Filter>UI\UserSelectScene\Button\Icon</Filter>
    </ClCompile>
    <ClCompile Include="UI\UserSelectScene\Button\PrincessIconButton.cpp">
      <Filter>UI\UserSelectScene\Button\Icon</Filter>
    </ClCompile>
    <ClCompile Include="UI\UserSelectScene\UserGameStartUI.cpp">
      <Filter>UI\UserSelectScene</Filter>
    </ClCompile>
    <ClCompile Include="UI\UserSelectScene\Button\NewFileCancelButton.cpp">
      <Filter>UI\UserSelectScene\Button\NewFille</Filter>
    </ClCompile>
    <ClCompile Include="UI\UserSelectScene\Button\NewFileOkButton.cpp">
      <Filter>UI\UserSelectScene\Button\NewFille</Filter>
    </ClCompile>
    <ClCompile Include="UI\UserSelectScene\Button\UserGameStartButton.cpp">
      <Filter>UI\UserSelectScene\Button\UserGameStart</Filter>
    </ClCompile>
    <ClCompile Include="UI\UserSelectScene\Button\UserGameCancelButton.cpp">
      <Filter>UI\UserSelectScene\Button\UserGameStart</Filter>
    </ClCompile>
    <ClCompile Include="Engine\VFX.cpp">
      <Filter>01Engine\ResourceManager</Filter>
    </ClCompile>
    <ClCompile Include="State\PlayerState\KnockBackState.cpp">
      <Filter>State\PlayerState</Filter>
    </ClCompile>
  </ItemGroup>
  <ItemGroup>
    <ClInclude Include="Engine\BoxCollider.h">
      <Filter>01Engine\Collider</Filter>
    </ClInclude>
    <ClInclude Include="Engine\Collider.h">
      <Filter>01Engine\Collider</Filter>
    </ClInclude>
    <ClInclude Include="Engine\SphereCollider.h">
      <Filter>01Engine\Collider</Filter>
    </ClInclude>
    <ClInclude Include="Engine\Direct3D.h">
      <Filter>01Engine\DirectX</Filter>
    </ClInclude>
    <ClInclude Include="Engine\Fbx.h">
      <Filter>01Engine\DirectX</Filter>
    </ClInclude>
    <ClInclude Include="Engine\FbxParts.h">
      <Filter>01Engine\DirectX</Filter>
    </ClInclude>
    <ClInclude Include="Engine\Input.h">
      <Filter>01Engine\DirectX</Filter>
    </ClInclude>
    <ClInclude Include="Engine\Sprite.h">
      <Filter>01Engine\DirectX</Filter>
    </ClInclude>
    <ClInclude Include="Engine\Camera.h">
      <Filter>01Engine\GameObject</Filter>
    </ClInclude>
    <ClInclude Include="Engine\GameObject.h">
      <Filter>01Engine\GameObject</Filter>
    </ClInclude>
    <ClInclude Include="Engine\RootObject.h">
      <Filter>01Engine\GameObject</Filter>
    </ClInclude>
    <ClInclude Include="Engine\Image.h">
      <Filter>01Engine\ResourceManager</Filter>
    </ClInclude>
    <ClInclude Include="Engine\Model.h">
      <Filter>01Engine\ResourceManager</Filter>
    </ClInclude>
    <ClInclude Include="Engine\Global.h">
      <Filter>01Engine</Filter>
    </ClInclude>
    <ClInclude Include="Engine\SceneManager.h">
      <Filter>01Engine</Filter>
    </ClInclude>
    <ClInclude Include="Engine\Texture.h">
      <Filter>01Engine\DirectX</Filter>
    </ClInclude>
    <ClInclude Include="Engine\Transform.h">
      <Filter>01Engine\GameObject</Filter>
    </ClInclude>
    <ClInclude Include="Engine\Audio.h">
      <Filter>01Engine\ResourceManager</Filter>
    </ClInclude>
    <ClInclude Include="Engine\Text.h">
      <Filter>01Engine</Filter>
    </ClInclude>
    <ClInclude Include="imgui\imconfig.h">
      <Filter>01Engine\imagui</Filter>
    </ClInclude>
    <ClInclude Include="imgui\imgui.h">
      <Filter>01Engine\imagui</Filter>
    </ClInclude>
    <ClInclude Include="imgui\imgui_impl_dx11.h">
      <Filter>01Engine\imagui</Filter>
    </ClInclude>
    <ClInclude Include="imgui\imgui_impl_win32.h">
      <Filter>01Engine\imagui</Filter>
    </ClInclude>
    <ClInclude Include="imgui\imgui_internal.h">
      <Filter>01Engine\imagui</Filter>
    </ClInclude>
    <ClInclude Include="imgui\imstb_rectpack.h">
      <Filter>01Engine\imagui</Filter>
    </ClInclude>
    <ClInclude Include="imgui\imstb_textedit.h">
      <Filter>01Engine\imagui</Filter>
    </ClInclude>
    <ClInclude Include="imgui\imstb_truetype.h">
      <Filter>01Engine\imagui</Filter>
    </ClInclude>
    <ClInclude Include="Engine\ImGuiSet.h">
      <Filter>01Engine</Filter>
    </ClInclude>
    <ClInclude Include="Engine\Light.h">
      <Filter>01Engine\GameObject</Filter>
    </ClInclude>
    <ClInclude Include="Mob.h" />
    <ClInclude Include="Enemy\Enemy.h">
      <Filter>Enemy</Filter>
    </ClInclude>
    <ClInclude Include="Engine\BillBoard.h">
      <Filter>01Engine\DirectX</Filter>
    </ClInclude>
    <ClInclude Include="Gimmick\Coin.h">
      <Filter>Gimmick</Filter>
    </ClInclude>
    <ClInclude Include="Gimmick\Warp.h">
      <Filter>Gimmick</Filter>
    </ClInclude>
    <ClInclude Include="Block\ItemBlock.h">
      <Filter>Block</Filter>
    </ClInclude>
    <ClInclude Include="Enemy\DropEnemy.h">
      <Filter>Enemy</Filter>
    </ClInclude>
    <ClInclude Include="Enemy\PigEnemy.h">
      <Filter>Enemy</Filter>
    </ClInclude>
    <ClInclude Include="Engine\PolyLine.h">
      <Filter>01Engine\GameObject</Filter>
    </ClInclude>
    <ClInclude Include="Block\Block.h">
      <Filter>Block</Filter>
    </ClInclude>
    <ClInclude Include="Block\NormalBlock.h">
      <Filter>Block</Filter>
    </ClInclude>
    <ClInclude Include="Block\BrickBlock.h">
      <Filter>Block</Filter>
    </ClInclude>
    <ClInclude Include="Block\TransparentBlock.h">
      <Filter>Block</Filter>
    </ClInclude>
    <ClInclude Include="Mob\MainMob.h">
      <Filter>Mob</Filter>
    </ClInclude>
    <ClInclude Include="Gimmick\Signboard.h">
      <Filter>Gimmick</Filter>
    </ClInclude>
    <ClInclude Include="Stage.h" />
    <ClInclude Include="Scene\HomeScene\HomeScene.h">
      <Filter>Scene\HomeScene</Filter>
    </ClInclude>
    <ClInclude Include="Scene\HomeScene\HomeStage.h">
      <Filter>Scene\HomeScene</Filter>
    </ClInclude>
    <ClInclude Include="Scene\TitleScene\TitleScene.h">
      <Filter>Scene\TitleScene</Filter>
    </ClInclude>
    <ClInclude Include="Scene\TutorialScene\TutorialScene1.h">
      <Filter>Scene\TutorialScene</Filter>
    </ClInclude>
    <ClInclude Include="Scene\TutorialScene\TutorialScene2.h">
      <Filter>Scene\TutorialScene</Filter>
    </ClInclude>
    <ClInclude Include="Scene\TutorialScene\TutorialStage1.h">
      <Filter>Scene\TutorialScene</Filter>
    </ClInclude>
    <ClInclude Include="Scene\TutorialScene\TutorialStage2.h">
      <Filter>Scene\TutorialScene</Filter>
    </ClInclude>
    <ClInclude Include="Scene\StageSelectScene\StageSelectScene.h">
      <Filter>Scene\StageSelectScene</Filter>
    </ClInclude>
    <ClInclude Include="Scene\WorldScene\World1\WorldScene1.h">
      <Filter>Scene\WorldScene\World1</Filter>
    </ClInclude>
    <ClInclude Include="Scene\WorldScene\World1\WorldStage1.h">
      <Filter>Scene\WorldScene\World1</Filter>
    </ClInclude>
    <ClInclude Include="Gimmick\MoveFloor.h">
      <Filter>Gimmick</Filter>
    </ClInclude>
    <ClInclude Include="Engine\Sound.h">
      <Filter>01Engine</Filter>
    </ClInclude>
    <ClInclude Include="Engine\CameraTransitionObject.h">
      <Filter>01Engine\GameObject</Filter>
    </ClInclude>
    <ClInclude Include="Gimmick\ShineLightController.h">
      <Filter>Gimmick\ShineLight</Filter>
    </ClInclude>
    <ClInclude Include="Gimmick\ShineLight.h">
      <Filter>Gimmick\ShineLight</Filter>
    </ClInclude>
    <ClInclude Include="Enemy\BulletPigEnemy.h">
      <Filter>Enemy</Filter>
    </ClInclude>
    <ClInclude Include="Gimmick\Bullet.h">
      <Filter>Gimmick</Filter>
    </ClInclude>
    <ClInclude Include="Engine\CreateStage.h">
      <Filter>01Engine</Filter>
    </ClInclude>
    <ClInclude Include="OtherObject\TitleModel.h">
      <Filter>OtherObject\TitleScene</Filter>
    </ClInclude>
    <ClInclude Include="OtherObject\TitleModelPlayer.h">
      <Filter>OtherObject\TitleScene</Filter>
    </ClInclude>
    <ClInclude Include="OtherObject\TitleModelPrincess.h">
      <Filter>OtherObject\TitleScene</Filter>
    </ClInclude>
    <ClInclude Include="OtherObject\TitleComplexModel.h">
      <Filter>OtherObject\TitleScene</Filter>
    </ClInclude>
    <ClInclude Include="Scene\UserSelectScene\UserSelectScene.h">
      <Filter>Scene\UserSelectScene</Filter>
    </ClInclude>
    <ClInclude Include="OtherObject\UserPlanetBase.h">
      <Filter>OtherObject\UserSelectScene</Filter>
    </ClInclude>
    <ClInclude Include="OtherObject\UserInfomation.h">
      <Filter>OtherObject\UserSelectScene</Filter>
    </ClInclude>
    <ClInclude Include="OtherObject\UserPlanet1.h">
      <Filter>OtherObject\UserSelectScene</Filter>
    </ClInclude>
    <ClInclude Include="OtherObject\UserPlanet2.h">
      <Filter>OtherObject\UserSelectScene</Filter>
    </ClInclude>
    <ClInclude Include="OtherObject\UserPlanet3.h">
      <Filter>OtherObject\UserSelectScene</Filter>
    </ClInclude>
    <ClInclude Include="OtherObject\SelectPlanetController.h">
      <Filter>OtherObject\UserSelectScene</Filter>
    </ClInclude>
    <ClInclude Include="State\PlayerState\JumpingState.h">
      <Filter>State\PlayerState</Filter>
    </ClInclude>
    <ClInclude Include="State\PlayerState\JumpRotationningState.h">
      <Filter>State\PlayerState</Filter>
    </ClInclude>
    <ClInclude Include="State\PlayerState\PlayerStateManager.h">
      <Filter>State\PlayerState</Filter>
    </ClInclude>
    <ClInclude Include="State\PlayerState\RotationningState.h">
      <Filter>State\PlayerState</Filter>
    </ClInclude>
    <ClInclude Include="State\PlayerState\RunningState.h">
      <Filter>State\PlayerState</Filter>
    </ClInclude>
    <ClInclude Include="State\PlayerState\StandingState.h">
      <Filter>State\PlayerState</Filter>
    </ClInclude>
    <ClInclude Include="State\PlayerState\WalkingState.h">
      <Filter>State\PlayerState</Filter>
    </ClInclude>
    <ClInclude Include="State\EnemyState\EnemyState.h">
      <Filter>State\EnemyState</Filter>
    </ClInclude>
    <ClInclude Include="State\PlayerState\PlayerState.h">
      <Filter>State\PlayerState</Filter>
    </ClInclude>
    <ClInclude Include="State\EnemyState\EnemyDieState.h">
      <Filter>State\EnemyState</Filter>
    </ClInclude>
    <ClInclude Include="State\EnemyState\EnemyKnockBackState.h">
      <Filter>State\EnemyState</Filter>
    </ClInclude>
    <ClInclude Include="State\EnemyState\EnemyMoveState.h">
      <Filter>State\EnemyState</Filter>
    </ClInclude>
    <ClInclude Include="State\EnemyState\EnemyRotationState.h">
      <Filter>State\EnemyState</Filter>
    </ClInclude>
    <ClInclude Include="State\EnemyState\EnemyWaitState.h">
      <Filter>State\EnemyState</Filter>
    </ClInclude>
    <ClInclude Include="Manager\CoinManager\CoinManager.h">
      <Filter>Manager\CoinManager</Filter>
    </ClInclude>
    <ClInclude Include="Manager\LifeManager\LifeManager.h">
      <Filter>Manager\LifeManager</Filter>
    </ClInclude>
    <ClInclude Include="Manager\GameManager\GameManager.h">
      <Filter>Manager\GameManager</Filter>
    </ClInclude>
    <ClInclude Include="Manager\EffectManager\EnemyEffectManager\EnemyEffectManager.h">
      <Filter>Manager\EffectManager\EnemyEffectManager</Filter>
    </ClInclude>
    <ClInclude Include="Manager\EffectManager\PlayerEffectManager\PlayerEffectManager.h">
      <Filter>Manager\EffectManager\PlayerEffectManager</Filter>
    </ClInclude>
    <ClInclude Include="Manager\TextManager\TextManager.h">
      <Filter>Manager\TextManager</Filter>
    </ClInclude>
    <ClInclude Include="Mob\TalkMainMob.h">
      <Filter>Mob</Filter>
    </ClInclude>
    <ClInclude Include="Engine\CsvReader.h">
      <Filter>01Engine\ResourceManager</Filter>
    </ClInclude>
    <ClInclude Include="Manager\MiniGameManager\MiniGameManager.h">
      <Filter>Manager\MiniGameManager</Filter>
    </ClInclude>
    <ClInclude Include="MiniGame\Combo.h">
      <Filter>MiniGame</Filter>
    </ClInclude>
    <ClInclude Include="MiniGame\MiniGameTime.h">
      <Filter>MiniGame</Filter>
    </ClInclude>
    <ClInclude Include="Engine\Time.h">
      <Filter>01Engine</Filter>
    </ClInclude>
    <ClInclude Include="MiniGame\MiniGameSetObject.h">
      <Filter>MiniGame</Filter>
    </ClInclude>
    <ClInclude Include="Scene\MiniGameScene\MiniGameScene.h">
      <Filter>Scene\MiniGameScene</Filter>
    </ClInclude>
    <ClInclude Include="Scene\MiniGameScene\MiniGameStage.h">
      <Filter>Scene\MiniGameScene</Filter>
    </ClInclude>
    <ClInclude Include="Gimmick\Pipe.h">
      <Filter>Gimmick\MiniGame</Filter>
    </ClInclude>
    <ClInclude Include="Gimmick\TurnCircle.h">
      <Filter>Gimmick\MiniGame</Filter>
    </ClInclude>
    <ClInclude Include="Manager\EffectManager\CoinEffectManager\CoinEffectManager.h">
      <Filter>Manager\EffectManager\CoinEffectManager</Filter>
    </ClInclude>
    <ClInclude Include="Player\Player3D.h">
      <Filter>Player</Filter>
    </ClInclude>
    <ClInclude Include="Player\Player2D.h">
      <Filter>Player</Filter>
    </ClInclude>
    <ClInclude Include="Player\PlayerMiniGame.h">
      <Filter>Player</Filter>
    </ClInclude>
    <ClInclude Include="Player\PlayerBase.h">
      <Filter>Player</Filter>
    </ClInclude>
    <ClInclude Include="State\PlayerState\DieState.h">
      <Filter>State\PlayerState</Filter>
    </ClInclude>
    <ClInclude Include="Gimmick\MiniGameCoin.h">
      <Filter>Gimmick\MiniGame</Filter>
    </ClInclude>
    <ClInclude Include="Engine\Component\Posture.h">
      <Filter>01Engine\Component</Filter>
    </ClInclude>
    <ClInclude Include="Enemy\MiniGamePigEnemy.h">
      <Filter>Enemy\MiniGame</Filter>
    </ClInclude>
    <ClInclude Include="Scene\MiniGameLevelSelectScene\MiniGameLevelSelectScene.h">
      <Filter>Scene\MiniGameLevelSelectScene</Filter>
    </ClInclude>
    <ClInclude Include="Scene\MiniGameLevelSelectScene\MiniGameLevelSelectStage.h">
      <Filter>Scene\MiniGameLevelSelectScene</Filter>
    </ClInclude>
    <ClInclude Include="Scene\UserSelectScene\UserSelectStage.h">
      <Filter>Scene\UserSelectScene</Filter>
    </ClInclude>
    <ClInclude Include="UI\ImageBase.h">
      <Filter>UI</Filter>
    </ClInclude>
    <ClInclude Include="UI\ScalingImage.h">
      <Filter>UI</Filter>
    </ClInclude>
    <ClInclude Include="UI\TalkImage.h">
      <Filter>UI</Filter>
    </ClInclude>
    <ClInclude Include="UI\Button\ButtonBase.h">
      <Filter>UI\Button</Filter>
    </ClInclude>
    <ClInclude Include="Manager\ButtonManager\ButtonManager.h">
      <Filter>Manager\ButtonManager</Filter>
    </ClInclude>
    <ClInclude Include="Engine\Easing.h">
      <Filter>01Engine</Filter>
    </ClInclude>
    <ClInclude Include="Engine\Component\EasingMove.h">
      <Filter>01Engine\Component</Filter>
    </ClInclude>
    <ClInclude Include="UI\UserSelectScene\UserSelectSceneUI.h">
      <Filter>UI\UserSelectScene</Filter>
    </ClInclude>
    <ClInclude Include="UI\TitleScene\TitleStartImage.h">
      <Filter>UI\TitleScene</Filter>
    </ClInclude>
    <ClInclude Include="UI\UserSelectScene\IconSelectUI.h">
      <Filter>UI\UserSelectScene</Filter>
    </ClInclude>
    <ClInclude Include="UI\UserSelectScene\NewFileUI.h">
      <Filter>UI\UserSelectScene</Filter>
    </ClInclude>
    <ClInclude Include="UI\UserSelectScene\Button\DropIconButton.h">
      <Filter>UI\UserSelectScene\Button\Icon</Filter>
    </ClInclude>
    <ClInclude Include="UI\UserSelectScene\Button\MainCharIconButton.h">
      <Filter>UI\UserSelectScene\Button\Icon</Filter>
    </ClInclude>
    <ClInclude Include="UI\UserSelectScene\Button\MobIconButton.h">
      <Filter>UI\UserSelectScene\Button\Icon</Filter>
    </ClInclude>
    <ClInclude Include="UI\UserSelectScene\Button\PigIconButton.h">
      <Filter>UI\UserSelectScene\Button\Icon</Filter>
    </ClInclude>
    <ClInclude Include="UI\UserSelectScene\Button\PrincessIconButton.h">
      <Filter>UI\UserSelectScene\Button\Icon</Filter>
    </ClInclude>
    <ClInclude Include="UI\UserSelectScene\UserGameStartUI.h">
      <Filter>UI\UserSelectScene</Filter>
    </ClInclude>
    <ClInclude Include="UI\UserSelectScene\Button\NewFileCancelButton.h">
      <Filter>UI\UserSelectScene\Button\NewFille</Filter>
    </ClInclude>
    <ClInclude Include="UI\UserSelectScene\Button\NewFileOkButton.h">
      <Filter>UI\UserSelectScene\Button\NewFille</Filter>
    </ClInclude>
    <ClInclude Include="UI\UserSelectScene\Button\UserGameStartButton.h">
      <Filter>UI\UserSelectScene\Button\UserGameStart</Filter>
    </ClInclude>
    <ClInclude Include="UI\UserSelectScene\Button\UserGameCancelButton.h">
      <Filter>UI\UserSelectScene\Button\UserGameStart</Filter>
    </ClInclude>
    <ClInclude Include="Engine\VFX.h">
      <Filter>01Engine\ResourceManager</Filter>
    </ClInclude>
    <ClInclude Include="State\PlayerState\KnockBackState.h">
      <Filter>State\PlayerState</Filter>
    </ClInclude>
  </ItemGroup>
  <ItemGroup>
    <FxCompile Include="Assets\Shader\Simple2D.hlsl">
      <Filter>02Shader</Filter>
    </FxCompile>
    <FxCompile Include="Assets\Shader\Simple3D.hlsl">
      <Filter>02Shader</Filter>
    </FxCompile>
    <FxCompile Include="Assets\Shader\Debug3D.hlsl">
      <Filter>02Shader</Filter>
    </FxCompile>
    <FxCompile Include="Assets\Shader\BillBoard.hlsl">
      <Filter>02Shader</Filter>
    </FxCompile>
    <FxCompile Include="Assets\Shader\SignBoard.hlsl">
      <Filter>02Shader</Filter>
    </FxCompile>
    <FxCompile Include="Assets\Shader\Fade.hlsl">
      <Filter>02Shader</Filter>
    </FxCompile>
  </ItemGroup>
</Project>